// !$*UTF8*$!
{
	archiveVersion = 1;
	classes = {
	};
	objectVersion = 54;
	objects = {

/* Begin PBXBuildFile section */
		1F9D296E1C72B9BB000025E6 /* AppDelegate.mm in Sources */ = {isa = PBXBuildFile; fileRef = 1F9D296D1C72B9BB000025E6 /* AppDelegate.mm */; };
		1F9D29711C72B9BB000025E6 /* ViewController.mm in Sources */ = {isa = PBXBuildFile; fileRef = 1F9D29701C72B9BB000025E6 /* ViewController.mm */; };
		1F9D29741C72B9BB000025E6 /* Main.storyboard in Resources */ = {isa = PBXBuildFile; fileRef = 1F9D29721C72B9BB000025E6 /* Main.storyboard */; };
		1F9D29761C72B9BB000025E6 /* Assets.xcassets in Resources */ = {isa = PBXBuildFile; fileRef = 1F9D29751C72B9BB000025E6 /* Assets.xcassets */; };
		1F9D29791C72B9BB000025E6 /* LaunchScreen.storyboard in Resources */ = {isa = PBXBuildFile; fileRef = 1F9D29771C72B9BB000025E6 /* LaunchScreen.storyboard */; };
		1F9D29841C72B9BB000025E6 /* DB48XTests.m in Sources */ = {isa = PBXBuildFile; fileRef = 1F9D29831C72B9BB000025E6 /* DB48XTests.m */; };
		1F9D298F1C72B9BB000025E6 /* DB48XUITests.m in Sources */ = {isa = PBXBuildFile; fileRef = 1F9D298E1C72B9BB000025E6 /* DB48XUITests.m */; };
		6F4528D02B9C0F4E00C8357F /* equations.cc in Sources */ = {isa = PBXBuildFile; fileRef = 6F4528C52B9C0F4E00C8357F /* equations.cc */; };
		6F4528D12B9C0F4E00C8357F /* decimal-e.txt in Resources */ = {isa = PBXBuildFile; fileRef = 6F4528C72B9C0F4E00C8357F /* decimal-e.txt */; };
		6F4528D22B9C0F4E00C8357F /* library.cc in Sources */ = {isa = PBXBuildFile; fileRef = 6F4528CA2B9C0F4E00C8357F /* library.cc */; };
		6F4528D32B9C0F4E00C8357F /* decimal-pi.txt in Resources */ = {isa = PBXBuildFile; fileRef = 6F4528CC2B9C0F4E00C8357F /* decimal-pi.txt */; };
		6F4528DC2B9C6DD800C8357F /* equations.csv in Resources */ = {isa = PBXBuildFile; fileRef = 6F4528DA2B9C6DD800C8357F /* equations.csv */; };
		6F4528DD2B9C6DD800C8357F /* library.csv in Resources */ = {isa = PBXBuildFile; fileRef = 6F4528DB2B9C6DD800C8357F /* library.csv */; };
		6F4528DE2B9C6DEF00C8357F /* equations.csv in CopyFiles */ = {isa = PBXBuildFile; fileRef = 6F4528DA2B9C6DD800C8357F /* equations.csv */; };
		6F4528DF2B9C6DEF00C8357F /* library.csv in CopyFiles */ = {isa = PBXBuildFile; fileRef = 6F4528DB2B9C6DD800C8357F /* library.csv */; };
		6F5A77BE2B96862200C8357F /* ScreenView.m in Sources */ = {isa = PBXBuildFile; fileRef = 6F5A77BD2B96862200C8357F /* ScreenView.m */; };
		6F75CED72BA1B23800C8357F /* HelpViewController.m in Sources */ = {isa = PBXBuildFile; fileRef = 6F75CED62BA1B23800C8357F /* HelpViewController.m */; };
		6F75CED92BA1B7D300C8357F /* WebKit.framework in Frameworks */ = {isa = PBXBuildFile; fileRef = 6F75CED82BA1B7D300C8357F /* WebKit.framework */; };
		6FB5A8812B97F50E00C8357F /* AVFoundation.framework in Frameworks */ = {isa = PBXBuildFile; fileRef = 6FB5A8802B97F50E00C8357F /* AVFoundation.framework */; };
		6FB5A8842B98035600C8357F /* KeyboardView.m in Sources */ = {isa = PBXBuildFile; fileRef = 6FB5A8832B98035600C8357F /* KeyboardView.m */; };
		6FCED4962B95E4C000C8357F /* recorder.c in Sources */ = {isa = PBXBuildFile; fileRef = 6FCECF432B95E4BE00C8357F /* recorder.c */; };
		6FCED49D2B95E4C000C8357F /* recorder_ring.c in Sources */ = {isa = PBXBuildFile; fileRef = 6FCECF4B2B95E4BE00C8357F /* recorder_ring.c */; };
		6FCED99D2B95E4C100C8357F /* recorder.spec in Resources */ = {isa = PBXBuildFile; fileRef = 6FCED4582B95E4C000C8357F /* recorder.spec */; };
		6FCEDA562B95E60700C8357F /* keyboard-dm42.png in Resources */ = {isa = PBXBuildFile; fileRef = 6FCEDA542B95E60700C8357F /* keyboard-dm42.png */; };
		6FCEDA572B95E60700C8357F /* keyboard-db48x.png in Resources */ = {isa = PBXBuildFile; fileRef = 6FCEDA552B95E60700C8357F /* keyboard-db48x.png */; };
		6FCEDA772B95ED9600C8357F /* StackFont.cc in Sources */ = {isa = PBXBuildFile; fileRef = 6FCEDA5C2B95ED9600C8357F /* StackFont.cc */; };
		6FCEDA872B95ED9600C8357F /* HelpFont.cc in Sources */ = {isa = PBXBuildFile; fileRef = 6FCEDA6C2B95ED9600C8357F /* HelpFont.cc */; };
		6FCEDA8D2B95ED9600C8357F /* EditorFont.cc in Sources */ = {isa = PBXBuildFile; fileRef = 6FCEDA722B95ED9600C8357F /* EditorFont.cc */; };
		6FCEDA912B95EDDF00C8357F /* ReducedFont.cc in Sources */ = {isa = PBXBuildFile; fileRef = 6FCEDA902B95EDDF00C8357F /* ReducedFont.cc */; };
		6FCEDA932B95EE2E00C8357F /* dmcp.cpp in Sources */ = {isa = PBXBuildFile; fileRef = 6FCEDA922B95EE2D00C8357F /* dmcp.cpp */; };
		6FCEDA952B95F23600C8357F /* main.mm in Sources */ = {isa = PBXBuildFile; fileRef = 6FCEDA942B95F23600C8357F /* main.mm */; };
		6FCEDA972B95F28F00C8357F /* catalog.cc in Sources */ = {isa = PBXBuildFile; fileRef = 6FCEDA962B95F28F00C8357F /* catalog.cc */; };
		6FD3786D2BA727EC00C8357F /* SettingsViewController.m in Sources */ = {isa = PBXBuildFile; fileRef = 6FD3786C2BA727EC00C8357F /* SettingsViewController.m */; };
		6FD555842B995F8900C8357F /* characters.cc in Sources */ = {isa = PBXBuildFile; fileRef = 6FD555822B995F8800C8357F /* characters.cc */; };
		6FD555862B995FA500C8357F /* characters.csv in Resources */ = {isa = PBXBuildFile; fileRef = 6FD555852B995FA500C8357F /* characters.csv */; };
		6FD555872B995FB800C8357F /* characters.csv in CopyFiles */ = {isa = PBXBuildFile; fileRef = 6FD555852B995FA500C8357F /* characters.csv */; };
		6FE775252B97966E00C8357F /* units.csv in Resources */ = {isa = PBXBuildFile; fileRef = 6FE7750C2B97966E00C8357F /* units.csv */; };
		6FE775262B97966E00C8357F /* constants.csv in Resources */ = {isa = PBXBuildFile; fileRef = 6FE7750D2B97966E00C8357F /* constants.csv */; };
		6FE775272B97966E00C8357F /* left-shift.png in Resources */ = {isa = PBXBuildFile; fileRef = 6FE7750F2B97966E00C8357F /* left-shift.png */; };
		6FE775282B97966E00C8357F /* keyboard.png in Resources */ = {isa = PBXBuildFile; fileRef = 6FE775102B97966E00C8357F /* keyboard.png */; };
		6FE775292B97966E00C8357F /* db48x.md in Resources */ = {isa = PBXBuildFile; fileRef = 6FE775112B97966E00C8357F /* db48x.md */; };
		6FE775372B97966E00C8357F /* db50x.md in Resources */ = {isa = PBXBuildFile; fileRef = 6FE775202B97966E00C8357F /* db50x.md */; };
		6FE7753D2B979AFF00C8357F /* HighlightMarkerView.m in Sources */ = {isa = PBXBuildFile; fileRef = 6FE7753C2B979AFF00C8357F /* HighlightMarkerView.m */; };
		6FE7EFDF2B95DDF100C8357F /* Keyboard.cpp in Sources */ = {isa = PBXBuildFile; fileRef = 6FE7EFDD2B95DDF100C8357F /* Keyboard.cpp */; };
		6FE7EFE02B95DDF100C8357F /* Screen.cpp in Sources */ = {isa = PBXBuildFile; fileRef = 6FE7EFDE2B95DDF100C8357F /* Screen.cpp */; };
		6FE7F0562B95E37400C8357F /* errors.tbl in Resources */ = {isa = PBXBuildFile; fileRef = 6FE7EFE22B95E37200C8357F /* errors.tbl */; };
		6FE7F0572B95E37400C8357F /* object.cc in Sources */ = {isa = PBXBuildFile; fileRef = 6FE7EFE32B95E37200C8357F /* object.cc */; };
		6FE7F0582B95E37400C8357F /* text.cc in Sources */ = {isa = PBXBuildFile; fileRef = 6FE7EFE42B95E37200C8357F /* text.cc */; };
		6FE7F0592B95E37400C8357F /* stack.cc in Sources */ = {isa = PBXBuildFile; fileRef = 6FE7EFE82B95E37200C8357F /* stack.cc */; };
		6FE7F05A2B95E37400C8357F /* decimal.cc in Sources */ = {isa = PBXBuildFile; fileRef = 6FE7EFEC2B95E37200C8357F /* decimal.cc */; };
		6FE7F05C2B95E37400C8357F /* ignored_help.csv in Resources */ = {isa = PBXBuildFile; fileRef = 6FE7EFF62B95E37200C8357F /* ignored_help.csv */; };
		6FE7F05D2B95E37400C8357F /* functions.cc in Sources */ = {isa = PBXBuildFile; fileRef = 6FE7EFFA2B95E37200C8357F /* functions.cc */; };
		6FE7F05E2B95E37400C8357F /* expression.cc in Sources */ = {isa = PBXBuildFile; fileRef = 6FE7EFFB2B95E37200C8357F /* expression.cc */; };
		6FE7F05F2B95E37400C8357F /* array.cc in Sources */ = {isa = PBXBuildFile; fileRef = 6FE7EFFC2B95E37200C8357F /* array.cc */; };
		6FE7F0602B95E37400C8357F /* conditionals.cc in Sources */ = {isa = PBXBuildFile; fileRef = 6FE7EFFD2B95E37200C8357F /* conditionals.cc */; };
		6FE7F0612B95E37400C8357F /* loops.cc in Sources */ = {isa = PBXBuildFile; fileRef = 6FE7EFFE2B95E37200C8357F /* loops.cc */; };
		6FE7F0622B95E37400C8357F /* plot.cc in Sources */ = {isa = PBXBuildFile; fileRef = 6FE7EFFF2B95E37200C8357F /* plot.cc */; };
		6FE7F0632B95E37400C8357F /* locals.cc in Sources */ = {isa = PBXBuildFile; fileRef = 6FE7F0002B95E37200C8357F /* locals.cc */; };
		6FE7F0642B95E37400C8357F /* util.cc in Sources */ = {isa = PBXBuildFile; fileRef = 6FE7F00A2B95E37300C8357F /* util.cc */; };
		6FE7F0652B95E37400C8357F /* fraction.cc in Sources */ = {isa = PBXBuildFile; fileRef = 6FE7F00B2B95E37300C8357F /* fraction.cc */; };
		6FE7F0662B95E37400C8357F /* files.cc in Sources */ = {isa = PBXBuildFile; fileRef = 6FE7F00C2B95E37300C8357F /* files.cc */; };
		6FE7F0672B95E37400C8357F /* integer.cc in Sources */ = {isa = PBXBuildFile; fileRef = 6FE7F00F2B95E37300C8357F /* integer.cc */; };
		6FE7F0682B95E37400C8357F /* font.cc in Sources */ = {isa = PBXBuildFile; fileRef = 6FE7F0122B95E37300C8357F /* font.cc */; };
		6FE7F0692B95E37400C8357F /* algebraic.cc in Sources */ = {isa = PBXBuildFile; fileRef = 6FE7F0142B95E37300C8357F /* algebraic.cc */; };
		6FE7F06A2B95E37400C8357F /* compare.cc in Sources */ = {isa = PBXBuildFile; fileRef = 6FE7F0152B95E37300C8357F /* compare.cc */; };
		6FE7F06B2B95E37400C8357F /* logical.cc in Sources */ = {isa = PBXBuildFile; fileRef = 6FE7F0172B95E37300C8357F /* logical.cc */; };
		6FE7F06C2B95E37400C8357F /* program.cc in Sources */ = {isa = PBXBuildFile; fileRef = 6FE7F0182B95E37300C8357F /* program.cc */; };
		6FE7F06D2B95E37400C8357F /* list.cc in Sources */ = {isa = PBXBuildFile; fileRef = 6FE7F01A2B95E37300C8357F /* list.cc */; };
		6FE7F06E2B95E37400C8357F /* ignored_menus.csv in Resources */ = {isa = PBXBuildFile; fileRef = 6FE7F01C2B95E37300C8357F /* ignored_menus.csv */; };
		6FE7F06F2B95E37400C8357F /* constants.cc in Sources */ = {isa = PBXBuildFile; fileRef = 6FE7F01D2B95E37300C8357F /* constants.cc */; };
		6FE7F0702B95E37400C8357F /* graphics.cc in Sources */ = {isa = PBXBuildFile; fileRef = 6FE7F01F2B95E37300C8357F /* graphics.cc */; };
		6FE7F0712B95E37400C8357F /* stm32_program.ld in Resources */ = {isa = PBXBuildFile; fileRef = 6FE7F0232B95E37300C8357F /* stm32_program.ld */; };
		6FE7F0722B95E37400C8357F /* variables.cc in Sources */ = {isa = PBXBuildFile; fileRef = 6FE7F0242B95E37300C8357F /* variables.cc */; };
		6FE7F0732B95E37400C8357F /* symbol.cc in Sources */ = {isa = PBXBuildFile; fileRef = 6FE7F0252B95E37300C8357F /* symbol.cc */; };
		6FE7F0742B95E37400C8357F /* comment.cc in Sources */ = {isa = PBXBuildFile; fileRef = 6FE7F02C2B95E37300C8357F /* comment.cc */; };
		6FE7F0752B95E37400C8357F /* renderer.cc in Sources */ = {isa = PBXBuildFile; fileRef = 6FE7F02E2B95E37300C8357F /* renderer.cc */; };
		6FE7F0762B95E37400C8357F /* command.cc in Sources */ = {isa = PBXBuildFile; fileRef = 6FE7F0302B95E37400C8357F /* command.cc */; };
		6FE7F0772B95E37400C8357F /* complex.cc in Sources */ = {isa = PBXBuildFile; fileRef = 6FE7F0322B95E37400C8357F /* complex.cc */; };
		6FE7F0782B95E37400C8357F /* arithmetic.cc in Sources */ = {isa = PBXBuildFile; fileRef = 6FE7F0372B95E37400C8357F /* arithmetic.cc */; };
		6FE7F0792B95E37400C8357F /* ids.tbl in Resources */ = {isa = PBXBuildFile; fileRef = 6FE7F0382B95E37400C8357F /* ids.tbl */; };
		6FE7F07A2B95E37400C8357F /* datetime.cc in Sources */ = {isa = PBXBuildFile; fileRef = 6FE7F0392B95E37400C8357F /* datetime.cc */; };
		6FE7F07B2B95E37400C8357F /* hwfp.cc in Sources */ = {isa = PBXBuildFile; fileRef = 6FE7F03A2B95E37400C8357F /* hwfp.cc */; };
		6FE7F07C2B95E37400C8357F /* grob.cc in Sources */ = {isa = PBXBuildFile; fileRef = 6FE7F03B2B95E37400C8357F /* grob.cc */; };
		6FE7F07D2B95E37400C8357F /* runtime.cc in Sources */ = {isa = PBXBuildFile; fileRef = 6FE7F03C2B95E37400C8357F /* runtime.cc */; };
		6FE7F07E2B95E37400C8357F /* tag.cc in Sources */ = {isa = PBXBuildFile; fileRef = 6FE7F03E2B95E37400C8357F /* tag.cc */; };
		6FE7F07F2B95E37400C8357F /* unit.cc in Sources */ = {isa = PBXBuildFile; fileRef = 6FE7F0412B95E37400C8357F /* unit.cc */; };
		6FE7F0802B95E37400C8357F /* menu.cc in Sources */ = {isa = PBXBuildFile; fileRef = 6FE7F0422B95E37400C8357F /* menu.cc */; };
		6FE7F0812B95E37400C8357F /* tests.cc in Sources */ = {isa = PBXBuildFile; fileRef = 6FE7F0432B95E37400C8357F /* tests.cc */; };
		6FE7F0822B95E37400C8357F /* user_interface.cc in Sources */ = {isa = PBXBuildFile; fileRef = 6FE7F0442B95E37400C8357F /* user_interface.cc */; };
		6FE7F0832B95E37400C8357F /* solve.cc in Sources */ = {isa = PBXBuildFile; fileRef = 6FE7F0452B95E37400C8357F /* solve.cc */; };
		6FE7F0842B95E37400C8357F /* main.cc in Sources */ = {isa = PBXBuildFile; fileRef = 6FE7F0482B95E37400C8357F /* main.cc */; };
		6FE7F0852B95E37400C8357F /* sysmenu.cc in Sources */ = {isa = PBXBuildFile; fileRef = 6FE7F04B2B95E37400C8357F /* sysmenu.cc */; };
		6FE7F0862B95E37400C8357F /* target.cc in Sources */ = {isa = PBXBuildFile; fileRef = 6FE7F04C2B95E37400C8357F /* target.cc */; };
		6FE7F0872B95E37400C8357F /* stats.cc in Sources */ = {isa = PBXBuildFile; fileRef = 6FE7F04F2B95E37400C8357F /* stats.cc */; };
		6FE7F0882B95E37400C8357F /* settings.cc in Sources */ = {isa = PBXBuildFile; fileRef = 6FE7F0502B95E37400C8357F /* settings.cc */; };
		6FE7F0892B95E37400C8357F /* file.cc in Sources */ = {isa = PBXBuildFile; fileRef = 6FE7F0512B95E37400C8357F /* file.cc */; };
		6FE7F08A2B95E37400C8357F /* integrate.cc in Sources */ = {isa = PBXBuildFile; fileRef = 6FE7F0532B95E37400C8357F /* integrate.cc */; };
		6FE7F08B2B95E37400C8357F /* bignum.cc in Sources */ = {isa = PBXBuildFile; fileRef = 6FE7F0542B95E37400C8357F /* bignum.cc */; };
		6FF873942B97B84D00C8357F /* db48x.md in CopyFiles */ = {isa = PBXBuildFile; fileRef = 6FE775112B97966E00C8357F /* db48x.md */; };
		6FF873952B97B84D00C8357F /* db50x.md in CopyFiles */ = {isa = PBXBuildFile; fileRef = 6FE775202B97966E00C8357F /* db50x.md */; };
		6FF873972B97B87400C8357F /* units.csv in CopyFiles */ = {isa = PBXBuildFile; fileRef = 6FE7750C2B97966E00C8357F /* units.csv */; };
		6FF873982B97B87400C8357F /* constants.csv in CopyFiles */ = {isa = PBXBuildFile; fileRef = 6FE7750D2B97966E00C8357F /* constants.csv */; };
		6FF8739C2B97BA1E00C8357F /* Test.48S in Resources */ = {isa = PBXBuildFile; fileRef = 6FF8739A2B97BA1E00C8357F /* Test.48S */; };
		6FF8739D2B97BA1E00C8357F /* Demo.48S in Resources */ = {isa = PBXBuildFile; fileRef = 6FF8739B2B97BA1E00C8357F /* Demo.48S */; };
		6FF8739F2B97BAB200C8357F /* Test.48S in CopyFiles */ = {isa = PBXBuildFile; fileRef = 6FF8739A2B97BA1E00C8357F /* Test.48S */; };
		6FF873A02B97BAB200C8357F /* Demo.48S in CopyFiles */ = {isa = PBXBuildFile; fileRef = 6FF8739B2B97BA1E00C8357F /* Demo.48S */; };
/* End PBXBuildFile section */

/* Begin PBXContainerItemProxy section */
		1F9D29801C72B9BB000025E6 /* PBXContainerItemProxy */ = {
			isa = PBXContainerItemProxy;
			containerPortal = 1F9D295E1C72B9BB000025E6 /* Project object */;
			proxyType = 1;
			remoteGlobalIDString = 1F9D29651C72B9BB000025E6;
			remoteInfo = DB48X;
		};
		1F9D298B1C72B9BB000025E6 /* PBXContainerItemProxy */ = {
			isa = PBXContainerItemProxy;
			containerPortal = 1F9D295E1C72B9BB000025E6 /* Project object */;
			proxyType = 1;
			remoteGlobalIDString = 1F9D29651C72B9BB000025E6;
			remoteInfo = DB48X;
		};
/* End PBXContainerItemProxy section */

/* Begin PBXCopyFilesBuildPhase section */
		6FF873932B97B82C00C8357F /* CopyFiles */ = {
			isa = PBXCopyFilesBuildPhase;
			buildActionMask = 2147483647;
			dstPath = help;
			dstSubfolderSpec = 7;
			files = (
				6FF873942B97B84D00C8357F /* db48x.md in CopyFiles */,
				6FF873952B97B84D00C8357F /* db50x.md in CopyFiles */,
			);
			runOnlyForDeploymentPostprocessing = 0;
		};
		6FF873962B97B85D00C8357F /* CopyFiles */ = {
			isa = PBXCopyFilesBuildPhase;
			buildActionMask = 2147483647;
			dstPath = config;
			dstSubfolderSpec = 7;
			files = (
				6F4528DE2B9C6DEF00C8357F /* equations.csv in CopyFiles */,
				6F4528DF2B9C6DEF00C8357F /* library.csv in CopyFiles */,
				6FD555872B995FB800C8357F /* characters.csv in CopyFiles */,
				6FF873972B97B87400C8357F /* units.csv in CopyFiles */,
				6FF873982B97B87400C8357F /* constants.csv in CopyFiles */,
			);
			runOnlyForDeploymentPostprocessing = 0;
		};
		6FF8739E2B97BAA200C8357F /* CopyFiles */ = {
			isa = PBXCopyFilesBuildPhase;
			buildActionMask = 2147483647;
			dstPath = state;
			dstSubfolderSpec = 7;
			files = (
				6FF8739F2B97BAB200C8357F /* Test.48S in CopyFiles */,
				6FF873A02B97BAB200C8357F /* Demo.48S in CopyFiles */,
			);
			runOnlyForDeploymentPostprocessing = 0;
		};
/* End PBXCopyFilesBuildPhase section */

/* Begin PBXFileReference section */
		1F9D29661C72B9BB000025E6 /* DB48X.app */ = {isa = PBXFileReference; explicitFileType = wrapper.application; includeInIndex = 0; path = DB48X.app; sourceTree = BUILT_PRODUCTS_DIR; };
		1F9D296C1C72B9BB000025E6 /* AppDelegate.h */ = {isa = PBXFileReference; lastKnownFileType = sourcecode.c.h; path = AppDelegate.h; sourceTree = "<group>"; };
		1F9D296D1C72B9BB000025E6 /* AppDelegate.mm */ = {isa = PBXFileReference; lastKnownFileType = sourcecode.cpp.objcpp; path = AppDelegate.mm; sourceTree = "<group>"; };
		1F9D296F1C72B9BB000025E6 /* ViewController.h */ = {isa = PBXFileReference; lastKnownFileType = sourcecode.c.h; path = ViewController.h; sourceTree = "<group>"; };
		1F9D29701C72B9BB000025E6 /* ViewController.mm */ = {isa = PBXFileReference; lastKnownFileType = sourcecode.cpp.objcpp; path = ViewController.mm; sourceTree = "<group>"; };
		1F9D29731C72B9BB000025E6 /* Base */ = {isa = PBXFileReference; lastKnownFileType = file.storyboard; name = Base; path = Base.lproj/Main.storyboard; sourceTree = "<group>"; };
		1F9D29751C72B9BB000025E6 /* Assets.xcassets */ = {isa = PBXFileReference; lastKnownFileType = folder.assetcatalog; path = Assets.xcassets; sourceTree = "<group>"; };
		1F9D29781C72B9BB000025E6 /* Base */ = {isa = PBXFileReference; lastKnownFileType = file.storyboard; name = Base; path = Base.lproj/LaunchScreen.storyboard; sourceTree = "<group>"; };
		1F9D297A1C72B9BB000025E6 /* Info.plist */ = {isa = PBXFileReference; lastKnownFileType = text.plist.xml; path = Info.plist; sourceTree = "<group>"; };
		1F9D297F1C72B9BB000025E6 /* DB48XTests.xctest */ = {isa = PBXFileReference; explicitFileType = wrapper.cfbundle; includeInIndex = 0; path = DB48XTests.xctest; sourceTree = BUILT_PRODUCTS_DIR; };
		1F9D29831C72B9BB000025E6 /* DB48XTests.m */ = {isa = PBXFileReference; lastKnownFileType = sourcecode.c.objc; path = DB48XTests.m; sourceTree = "<group>"; };
		1F9D29851C72B9BB000025E6 /* Info.plist */ = {isa = PBXFileReference; lastKnownFileType = text.plist.xml; path = Info.plist; sourceTree = "<group>"; };
		1F9D298A1C72B9BB000025E6 /* DB48XUITests.xctest */ = {isa = PBXFileReference; explicitFileType = wrapper.cfbundle; includeInIndex = 0; path = DB48XUITests.xctest; sourceTree = BUILT_PRODUCTS_DIR; };
		1F9D298E1C72B9BB000025E6 /* DB48XUITests.m */ = {isa = PBXFileReference; lastKnownFileType = sourcecode.c.objc; path = DB48XUITests.m; sourceTree = "<group>"; };
		1F9D29901C72B9BB000025E6 /* Info.plist */ = {isa = PBXFileReference; lastKnownFileType = text.plist.xml; path = Info.plist; sourceTree = "<group>"; };
		6F4528C52B9C0F4E00C8357F /* equations.cc */ = {isa = PBXFileReference; fileEncoding = 4; lastKnownFileType = sourcecode.cpp.cpp; name = equations.cc; path = ../../../src/equations.cc; sourceTree = "<group>"; };
		6F4528C62B9C0F4E00C8357F /* equations.h */ = {isa = PBXFileReference; fileEncoding = 4; lastKnownFileType = sourcecode.c.h; name = equations.h; path = ../../../src/equations.h; sourceTree = "<group>"; };
		6F4528C72B9C0F4E00C8357F /* decimal-e.txt */ = {isa = PBXFileReference; fileEncoding = 4; lastKnownFileType = text; name = "decimal-e.txt"; path = "../../../src/decimal-e.txt"; sourceTree = "<group>"; };
		6F4528C82B9C0F4E00C8357F /* conditionals.h */ = {isa = PBXFileReference; fileEncoding = 4; lastKnownFileType = sourcecode.c.h; name = conditionals.h; path = ../../../src/conditionals.h; sourceTree = "<group>"; };
		6F4528C92B9C0F4E00C8357F /* catalog.h */ = {isa = PBXFileReference; fileEncoding = 4; lastKnownFileType = sourcecode.c.h; name = catalog.h; path = ../../../src/catalog.h; sourceTree = "<group>"; };
		6F4528CA2B9C0F4E00C8357F /* library.cc */ = {isa = PBXFileReference; fileEncoding = 4; lastKnownFileType = sourcecode.cpp.cpp; name = library.cc; path = ../../../src/library.cc; sourceTree = "<group>"; };
		6F4528CB2B9C0F4E00C8357F /* library.h */ = {isa = PBXFileReference; fileEncoding = 4; lastKnownFileType = sourcecode.c.h; name = library.h; path = ../../../src/library.h; sourceTree = "<group>"; };
		6F4528CC2B9C0F4E00C8357F /* decimal-pi.txt */ = {isa = PBXFileReference; fileEncoding = 4; lastKnownFileType = text; name = "decimal-pi.txt"; path = "../../../src/decimal-pi.txt"; sourceTree = "<group>"; };
		6F4528CD2B9C0F4E00C8357F /* compare.h */ = {isa = PBXFileReference; fileEncoding = 4; lastKnownFileType = sourcecode.c.h; name = compare.h; path = ../../../src/compare.h; sourceTree = "<group>"; };
		6F4528CE2B9C0F4E00C8357F /* beep.h */ = {isa = PBXFileReference; fileEncoding = 4; lastKnownFileType = sourcecode.c.h; name = beep.h; path = ../../../src/beep.h; sourceTree = "<group>"; };
		6F4528CF2B9C0F4E00C8357F /* comment.h */ = {isa = PBXFileReference; fileEncoding = 4; lastKnownFileType = sourcecode.c.h; name = comment.h; path = ../../../src/comment.h; sourceTree = "<group>"; };
		6F4528DA2B9C6DD800C8357F /* equations.csv */ = {isa = PBXFileReference; fileEncoding = 4; lastKnownFileType = text; path = equations.csv; sourceTree = "<group>"; };
		6F4528DB2B9C6DD800C8357F /* library.csv */ = {isa = PBXFileReference; fileEncoding = 4; lastKnownFileType = text; path = library.csv; sourceTree = "<group>"; };
		6F5A77BC2B96862200C8357F /* ScreenView.h */ = {isa = PBXFileReference; lastKnownFileType = sourcecode.c.h; path = ScreenView.h; sourceTree = "<group>"; };
		6F5A77BD2B96862200C8357F /* ScreenView.m */ = {isa = PBXFileReference; lastKnownFileType = sourcecode.c.objc; path = ScreenView.m; sourceTree = "<group>"; };
		6F75CED52BA1B23800C8357F /* HelpViewController.h */ = {isa = PBXFileReference; lastKnownFileType = sourcecode.c.h; path = HelpViewController.h; sourceTree = "<group>"; };
		6F75CED62BA1B23800C8357F /* HelpViewController.m */ = {isa = PBXFileReference; lastKnownFileType = sourcecode.c.objc; path = HelpViewController.m; sourceTree = "<group>"; };
		6F75CED82BA1B7D300C8357F /* WebKit.framework */ = {isa = PBXFileReference; lastKnownFileType = wrapper.framework; name = WebKit.framework; path = System/Library/Frameworks/WebKit.framework; sourceTree = SDKROOT; };
		6FB5A8802B97F50E00C8357F /* AVFoundation.framework */ = {isa = PBXFileReference; lastKnownFileType = wrapper.framework; name = AVFoundation.framework; path = System/Library/Frameworks/AVFoundation.framework; sourceTree = SDKROOT; };
		6FB5A8822B98035600C8357F /* KeyboardView.h */ = {isa = PBXFileReference; lastKnownFileType = sourcecode.c.h; path = KeyboardView.h; sourceTree = "<group>"; };
		6FB5A8832B98035600C8357F /* KeyboardView.m */ = {isa = PBXFileReference; lastKnownFileType = sourcecode.c.objc; path = KeyboardView.m; sourceTree = "<group>"; };
		6FC22A332B973FB700C8357F /* sim-dmcp.h */ = {isa = PBXFileReference; fileEncoding = 4; lastKnownFileType = sourcecode.c.h; path = "sim-dmcp.h"; sourceTree = "<group>"; };
		6FCECF432B95E4BE00C8357F /* recorder.c */ = {isa = PBXFileReference; fileEncoding = 4; lastKnownFileType = sourcecode.c.c; path = recorder.c; sourceTree = "<group>"; };
		6FCECF462B95E4BE00C8357F /* config.h */ = {isa = PBXFileReference; fileEncoding = 4; lastKnownFileType = sourcecode.c.h; path = config.h; sourceTree = "<group>"; };
		6FCECF4B2B95E4BE00C8357F /* recorder_ring.c */ = {isa = PBXFileReference; fileEncoding = 4; lastKnownFileType = sourcecode.c.c; path = recorder_ring.c; sourceTree = "<group>"; };
		6FCECFA12B95E4BE00C8357F /* recorder.h */ = {isa = PBXFileReference; fileEncoding = 4; lastKnownFileType = sourcecode.c.h; path = recorder.h; sourceTree = "<group>"; };
		6FCECFAA2B95E4BE00C8357F /* recorder_ring.h */ = {isa = PBXFileReference; fileEncoding = 4; lastKnownFileType = sourcecode.c.h; path = recorder_ring.h; sourceTree = "<group>"; };
		6FCED4582B95E4C000C8357F /* recorder.spec */ = {isa = PBXFileReference; fileEncoding = 4; lastKnownFileType = text; path = recorder.spec; sourceTree = "<group>"; };
		6FCED9D82B95E51E00C8357F /* dmcp.h */ = {isa = PBXFileReference; fileEncoding = 4; lastKnownFileType = sourcecode.c.h; path = dmcp.h; sourceTree = "<group>"; };
		6FCEDA542B95E60700C8357F /* keyboard-dm42.png */ = {isa = PBXFileReference; lastKnownFileType = image.png; name = "keyboard-dm42.png"; path = "../../../sim/keyboard-dm42.png"; sourceTree = "<group>"; };
		6FCEDA552B95E60700C8357F /* keyboard-db48x.png */ = {isa = PBXFileReference; lastKnownFileType = image.png; name = "keyboard-db48x.png"; path = "../../../sim/keyboard-db48x.png"; sourceTree = "<group>"; };
		6FCEDA582B95ECC800C8357F /* ff_ifc.h */ = {isa = PBXFileReference; fileEncoding = 4; lastKnownFileType = sourcecode.c.h; path = ff_ifc.h; sourceTree = "<group>"; };
		6FCEDA5C2B95ED9600C8357F /* StackFont.cc */ = {isa = PBXFileReference; fileEncoding = 4; lastKnownFileType = sourcecode.cpp.cpp; path = StackFont.cc; sourceTree = "<group>"; };
		6FCEDA6C2B95ED9600C8357F /* HelpFont.cc */ = {isa = PBXFileReference; fileEncoding = 4; lastKnownFileType = sourcecode.cpp.cpp; path = HelpFont.cc; sourceTree = "<group>"; };
		6FCEDA722B95ED9600C8357F /* EditorFont.cc */ = {isa = PBXFileReference; fileEncoding = 4; lastKnownFileType = sourcecode.cpp.cpp; path = EditorFont.cc; sourceTree = "<group>"; };
		6FCEDA902B95EDDF00C8357F /* ReducedFont.cc */ = {isa = PBXFileReference; fileEncoding = 4; lastKnownFileType = sourcecode.cpp.cpp; path = ReducedFont.cc; sourceTree = "<group>"; };
		6FCEDA922B95EE2D00C8357F /* dmcp.cpp */ = {isa = PBXFileReference; fileEncoding = 4; lastKnownFileType = sourcecode.cpp.cpp; path = dmcp.cpp; sourceTree = "<group>"; };
		6FCEDA942B95F23600C8357F /* main.mm */ = {isa = PBXFileReference; fileEncoding = 4; lastKnownFileType = sourcecode.cpp.objcpp; path = main.mm; sourceTree = "<group>"; };
		6FCEDA962B95F28F00C8357F /* catalog.cc */ = {isa = PBXFileReference; fileEncoding = 4; lastKnownFileType = sourcecode.cpp.cpp; name = catalog.cc; path = ../../../src/catalog.cc; sourceTree = "<group>"; };
		6FD3786B2BA727EC00C8357F /* SettingsViewController.h */ = {isa = PBXFileReference; fileEncoding = 4; lastKnownFileType = sourcecode.c.h; path = SettingsViewController.h; sourceTree = "<group>"; };
		6FD3786C2BA727EC00C8357F /* SettingsViewController.m */ = {isa = PBXFileReference; fileEncoding = 4; lastKnownFileType = sourcecode.c.objc; path = SettingsViewController.m; sourceTree = "<group>"; };
		6FD3786E2BA7A66100C8357F /* AppSettings.h */ = {isa = PBXFileReference; fileEncoding = 4; lastKnownFileType = sourcecode.c.h; path = AppSettings.h; sourceTree = "<group>"; };
		6FD555822B995F8800C8357F /* characters.cc */ = {isa = PBXFileReference; fileEncoding = 4; lastKnownFileType = sourcecode.cpp.cpp; name = characters.cc; path = ../../../src/characters.cc; sourceTree = "<group>"; };
		6FD555832B995F8900C8357F /* characters.h */ = {isa = PBXFileReference; fileEncoding = 4; lastKnownFileType = sourcecode.c.h; name = characters.h; path = ../../../src/characters.h; sourceTree = "<group>"; };
		6FD555852B995FA500C8357F /* characters.csv */ = {isa = PBXFileReference; fileEncoding = 4; lastKnownFileType = text; path = characters.csv; sourceTree = "<group>"; };
		6FE7750C2B97966E00C8357F /* units.csv */ = {isa = PBXFileReference; fileEncoding = 4; lastKnownFileType = text; path = units.csv; sourceTree = "<group>"; };
		6FE7750D2B97966E00C8357F /* constants.csv */ = {isa = PBXFileReference; fileEncoding = 4; lastKnownFileType = text; path = constants.csv; sourceTree = "<group>"; };
		6FE7750F2B97966E00C8357F /* left-shift.png */ = {isa = PBXFileReference; lastKnownFileType = image.png; path = "left-shift.png"; sourceTree = "<group>"; };
		6FE775102B97966E00C8357F /* keyboard.png */ = {isa = PBXFileReference; lastKnownFileType = image.png; path = keyboard.png; sourceTree = "<group>"; };
		6FE775112B97966E00C8357F /* db48x.md */ = {isa = PBXFileReference; fileEncoding = 4; lastKnownFileType = net.daringfireball.markdown; path = db48x.md; sourceTree = "<group>"; };
		6FE775202B97966E00C8357F /* db50x.md */ = {isa = PBXFileReference; fileEncoding = 4; lastKnownFileType = net.daringfireball.markdown; path = db50x.md; sourceTree = "<group>"; };
		6FE7753B2B979AFF00C8357F /* HighlightMarkerView.h */ = {isa = PBXFileReference; lastKnownFileType = sourcecode.c.h; path = HighlightMarkerView.h; sourceTree = "<group>"; };
		6FE7753C2B979AFF00C8357F /* HighlightMarkerView.m */ = {isa = PBXFileReference; lastKnownFileType = sourcecode.c.objc; path = HighlightMarkerView.m; sourceTree = "<group>"; };
		6FE7EFDD2B95DDF100C8357F /* Keyboard.cpp */ = {isa = PBXFileReference; fileEncoding = 4; lastKnownFileType = sourcecode.cpp.cpp; path = Keyboard.cpp; sourceTree = "<group>"; };
		6FE7EFDE2B95DDF100C8357F /* Screen.cpp */ = {isa = PBXFileReference; fileEncoding = 4; lastKnownFileType = sourcecode.cpp.cpp; path = Screen.cpp; sourceTree = "<group>"; };
		6FE7EFE22B95E37200C8357F /* errors.tbl */ = {isa = PBXFileReference; fileEncoding = 4; lastKnownFileType = text; name = errors.tbl; path = ../../../src/errors.tbl; sourceTree = "<group>"; };
		6FE7EFE32B95E37200C8357F /* object.cc */ = {isa = PBXFileReference; fileEncoding = 4; lastKnownFileType = sourcecode.cpp.cpp; name = object.cc; path = ../../../src/object.cc; sourceTree = "<group>"; };
		6FE7EFE42B95E37200C8357F /* text.cc */ = {isa = PBXFileReference; fileEncoding = 4; lastKnownFileType = sourcecode.cpp.cpp; name = text.cc; path = ../../../src/text.cc; sourceTree = "<group>"; };
		6FE7EFE52B95E37200C8357F /* unit.h */ = {isa = PBXFileReference; fileEncoding = 4; lastKnownFileType = sourcecode.c.h; name = unit.h; path = ../../../src/unit.h; sourceTree = "<group>"; };
		6FE7EFE62B95E37200C8357F /* integrate.h */ = {isa = PBXFileReference; fileEncoding = 4; lastKnownFileType = sourcecode.c.h; name = integrate.h; path = ../../../src/integrate.h; sourceTree = "<group>"; };
		6FE7EFE72B95E37200C8357F /* renderer.h */ = {isa = PBXFileReference; fileEncoding = 4; lastKnownFileType = sourcecode.c.h; name = renderer.h; path = ../../../src/renderer.h; sourceTree = "<group>"; };
		6FE7EFE82B95E37200C8357F /* stack.cc */ = {isa = PBXFileReference; fileEncoding = 4; lastKnownFileType = sourcecode.cpp.cpp; name = stack.cc; path = ../../../src/stack.cc; sourceTree = "<group>"; };
		6FE7EFE92B95E37200C8357F /* decimal-pi.h */ = {isa = PBXFileReference; fileEncoding = 4; lastKnownFileType = sourcecode.c.h; name = "decimal-pi.h"; path = "../../../src/decimal-pi.h"; sourceTree = "<group>"; };
		6FE7EFEA2B95E37200C8357F /* plot.h */ = {isa = PBXFileReference; fileEncoding = 4; lastKnownFileType = sourcecode.c.h; name = plot.h; path = ../../../src/plot.h; sourceTree = "<group>"; };
		6FE7EFEB2B95E37200C8357F /* constants.h */ = {isa = PBXFileReference; fileEncoding = 4; lastKnownFileType = sourcecode.c.h; name = constants.h; path = ../../../src/constants.h; sourceTree = "<group>"; };
		6FE7EFEC2B95E37200C8357F /* decimal.cc */ = {isa = PBXFileReference; fileEncoding = 4; lastKnownFileType = sourcecode.cpp.cpp; name = decimal.cc; path = ../../../src/decimal.cc; sourceTree = "<group>"; };
		6FE7EFED2B95E37200C8357F /* tests.h */ = {isa = PBXFileReference; fileEncoding = 4; lastKnownFileType = sourcecode.c.h; name = tests.h; path = ../../../src/tests.h; sourceTree = "<group>"; };
		6FE7EFEE2B95E37200C8357F /* symbol.h */ = {isa = PBXFileReference; fileEncoding = 4; lastKnownFileType = sourcecode.c.h; name = symbol.h; path = ../../../src/symbol.h; sourceTree = "<group>"; };
		6FE7EFF32B95E37200C8357F /* loops.h */ = {isa = PBXFileReference; fileEncoding = 4; lastKnownFileType = sourcecode.c.h; name = loops.h; path = ../../../src/loops.h; sourceTree = "<group>"; };
		6FE7EFF42B95E37200C8357F /* precedence.h */ = {isa = PBXFileReference; fileEncoding = 4; lastKnownFileType = sourcecode.c.h; name = precedence.h; path = ../../../src/precedence.h; sourceTree = "<group>"; };
		6FE7EFF52B95E37200C8357F /* menu.h */ = {isa = PBXFileReference; fileEncoding = 4; lastKnownFileType = sourcecode.c.h; name = menu.h; path = ../../../src/menu.h; sourceTree = "<group>"; };
		6FE7EFF62B95E37200C8357F /* ignored_help.csv */ = {isa = PBXFileReference; fileEncoding = 4; lastKnownFileType = text; name = ignored_help.csv; path = ../../../src/ignored_help.csv; sourceTree = "<group>"; };
		6FE7EFF72B95E37200C8357F /* functions.h */ = {isa = PBXFileReference; fileEncoding = 4; lastKnownFileType = sourcecode.c.h; name = functions.h; path = ../../../src/functions.h; sourceTree = "<group>"; };
		6FE7EFF82B95E37200C8357F /* settings.h */ = {isa = PBXFileReference; fileEncoding = 4; lastKnownFileType = sourcecode.c.h; name = settings.h; path = ../../../src/settings.h; sourceTree = "<group>"; };
		6FE7EFF92B95E37200C8357F /* types.h */ = {isa = PBXFileReference; fileEncoding = 4; lastKnownFileType = sourcecode.c.h; name = types.h; path = ../../../src/types.h; sourceTree = "<group>"; };
		6FE7EFFA2B95E37200C8357F /* functions.cc */ = {isa = PBXFileReference; fileEncoding = 4; lastKnownFileType = sourcecode.cpp.cpp; name = functions.cc; path = ../../../src/functions.cc; sourceTree = "<group>"; };
		6FE7EFFB2B95E37200C8357F /* expression.cc */ = {isa = PBXFileReference; fileEncoding = 4; lastKnownFileType = sourcecode.cpp.cpp; name = expression.cc; path = ../../../src/expression.cc; sourceTree = "<group>"; };
		6FE7EFFC2B95E37200C8357F /* array.cc */ = {isa = PBXFileReference; fileEncoding = 4; lastKnownFileType = sourcecode.cpp.cpp; name = array.cc; path = ../../../src/array.cc; sourceTree = "<group>"; };
		6FE7EFFD2B95E37200C8357F /* conditionals.cc */ = {isa = PBXFileReference; fileEncoding = 4; lastKnownFileType = sourcecode.cpp.cpp; name = conditionals.cc; path = ../../../src/conditionals.cc; sourceTree = "<group>"; };
		6FE7EFFE2B95E37200C8357F /* loops.cc */ = {isa = PBXFileReference; fileEncoding = 4; lastKnownFileType = sourcecode.cpp.cpp; name = loops.cc; path = ../../../src/loops.cc; sourceTree = "<group>"; };
		6FE7EFFF2B95E37200C8357F /* plot.cc */ = {isa = PBXFileReference; fileEncoding = 4; lastKnownFileType = sourcecode.cpp.cpp; name = plot.cc; path = ../../../src/plot.cc; sourceTree = "<group>"; };
		6FE7F0002B95E37200C8357F /* locals.cc */ = {isa = PBXFileReference; fileEncoding = 4; lastKnownFileType = sourcecode.cpp.cpp; name = locals.cc; path = ../../../src/locals.cc; sourceTree = "<group>"; };
		6FE7F0012B95E37200C8357F /* blitter.h */ = {isa = PBXFileReference; fileEncoding = 4; lastKnownFileType = sourcecode.c.h; name = blitter.h; path = ../../../src/blitter.h; sourceTree = "<group>"; };
		6FE7F0022B95E37200C8357F /* font.h */ = {isa = PBXFileReference; fileEncoding = 4; lastKnownFileType = sourcecode.c.h; name = font.h; path = ../../../src/font.h; sourceTree = "<group>"; };
		6FE7F0032B95E37200C8357F /* parser.h */ = {isa = PBXFileReference; fileEncoding = 4; lastKnownFileType = sourcecode.c.h; name = parser.h; path = ../../../src/parser.h; sourceTree = "<group>"; };
		6FE7F0042B95E37200C8357F /* text.h */ = {isa = PBXFileReference; fileEncoding = 4; lastKnownFileType = sourcecode.c.h; name = text.h; path = ../../../src/text.h; sourceTree = "<group>"; };
		6FE7F0052B95E37300C8357F /* recorder.h */ = {isa = PBXFileReference; fileEncoding = 4; lastKnownFileType = sourcecode.c.h; name = recorder.h; path = ../../../src/recorder.h; sourceTree = "<group>"; };
		6FE7F0062B95E37300C8357F /* util.h */ = {isa = PBXFileReference; fileEncoding = 4; lastKnownFileType = sourcecode.c.h; name = util.h; path = ../../../src/util.h; sourceTree = "<group>"; };
		6FE7F0072B95E37300C8357F /* leb128.h */ = {isa = PBXFileReference; fileEncoding = 4; lastKnownFileType = sourcecode.c.h; name = leb128.h; path = ../../../src/leb128.h; sourceTree = "<group>"; };
		6FE7F0082B95E37300C8357F /* algebraic.h */ = {isa = PBXFileReference; fileEncoding = 4; lastKnownFileType = sourcecode.c.h; name = algebraic.h; path = ../../../src/algebraic.h; sourceTree = "<group>"; };
		6FE7F0092B95E37300C8357F /* integer.h */ = {isa = PBXFileReference; fileEncoding = 4; lastKnownFileType = sourcecode.c.h; name = integer.h; path = ../../../src/integer.h; sourceTree = "<group>"; };
		6FE7F00A2B95E37300C8357F /* util.cc */ = {isa = PBXFileReference; fileEncoding = 4; lastKnownFileType = sourcecode.cpp.cpp; name = util.cc; path = ../../../src/util.cc; sourceTree = "<group>"; };
		6FE7F00B2B95E37300C8357F /* fraction.cc */ = {isa = PBXFileReference; fileEncoding = 4; lastKnownFileType = sourcecode.cpp.cpp; name = fraction.cc; path = ../../../src/fraction.cc; sourceTree = "<group>"; };
		6FE7F00C2B95E37300C8357F /* files.cc */ = {isa = PBXFileReference; fileEncoding = 4; lastKnownFileType = sourcecode.cpp.cpp; name = files.cc; path = ../../../src/files.cc; sourceTree = "<group>"; };
		6FE7F00D2B95E37300C8357F /* file.h */ = {isa = PBXFileReference; fileEncoding = 4; lastKnownFileType = sourcecode.c.h; name = file.h; path = ../../../src/file.h; sourceTree = "<group>"; };
		6FE7F00E2B95E37300C8357F /* graphics.h */ = {isa = PBXFileReference; fileEncoding = 4; lastKnownFileType = sourcecode.c.h; name = graphics.h; path = ../../../src/graphics.h; sourceTree = "<group>"; };
		6FE7F00F2B95E37300C8357F /* integer.cc */ = {isa = PBXFileReference; fileEncoding = 4; lastKnownFileType = sourcecode.cpp.cpp; name = integer.cc; path = ../../../src/integer.cc; sourceTree = "<group>"; };
		6FE7F0102B95E37300C8357F /* variables.h */ = {isa = PBXFileReference; fileEncoding = 4; lastKnownFileType = sourcecode.c.h; name = variables.h; path = ../../../src/variables.h; sourceTree = "<group>"; };
		6FE7F0112B95E37300C8357F /* files.h */ = {isa = PBXFileReference; fileEncoding = 4; lastKnownFileType = sourcecode.c.h; name = files.h; path = ../../../src/files.h; sourceTree = "<group>"; };
		6FE7F0122B95E37300C8357F /* font.cc */ = {isa = PBXFileReference; fileEncoding = 4; lastKnownFileType = sourcecode.cpp.cpp; name = font.cc; path = ../../../src/font.cc; sourceTree = "<group>"; };
		6FE7F0132B95E37300C8357F /* arithmetic.h */ = {isa = PBXFileReference; fileEncoding = 4; lastKnownFileType = sourcecode.c.h; name = arithmetic.h; path = ../../../src/arithmetic.h; sourceTree = "<group>"; };
		6FE7F0142B95E37300C8357F /* algebraic.cc */ = {isa = PBXFileReference; fileEncoding = 4; lastKnownFileType = sourcecode.cpp.cpp; name = algebraic.cc; path = ../../../src/algebraic.cc; sourceTree = "<group>"; };
		6FE7F0152B95E37300C8357F /* compare.cc */ = {isa = PBXFileReference; fileEncoding = 4; lastKnownFileType = sourcecode.cpp.cpp; name = compare.cc; path = ../../../src/compare.cc; sourceTree = "<group>"; };
		6FE7F0162B95E37300C8357F /* object.h */ = {isa = PBXFileReference; fileEncoding = 4; lastKnownFileType = sourcecode.c.h; name = object.h; path = ../../../src/object.h; sourceTree = "<group>"; };
		6FE7F0172B95E37300C8357F /* logical.cc */ = {isa = PBXFileReference; fileEncoding = 4; lastKnownFileType = sourcecode.cpp.cpp; name = logical.cc; path = ../../../src/logical.cc; sourceTree = "<group>"; };
		6FE7F0182B95E37300C8357F /* program.cc */ = {isa = PBXFileReference; fileEncoding = 4; lastKnownFileType = sourcecode.cpp.cpp; name = program.cc; path = ../../../src/program.cc; sourceTree = "<group>"; };
		6FE7F0192B95E37300C8357F /* user_interface.h */ = {isa = PBXFileReference; fileEncoding = 4; lastKnownFileType = sourcecode.c.h; name = user_interface.h; path = ../../../src/user_interface.h; sourceTree = "<group>"; };
		6FE7F01A2B95E37300C8357F /* list.cc */ = {isa = PBXFileReference; fileEncoding = 4; lastKnownFileType = sourcecode.cpp.cpp; name = list.cc; path = ../../../src/list.cc; sourceTree = "<group>"; };
		6FE7F01B2B95E37300C8357F /* solve.h */ = {isa = PBXFileReference; fileEncoding = 4; lastKnownFileType = sourcecode.c.h; name = solve.h; path = ../../../src/solve.h; sourceTree = "<group>"; };
		6FE7F01C2B95E37300C8357F /* ignored_menus.csv */ = {isa = PBXFileReference; fileEncoding = 4; lastKnownFileType = text; name = ignored_menus.csv; path = ../../../src/ignored_menus.csv; sourceTree = "<group>"; };
		6FE7F01D2B95E37300C8357F /* constants.cc */ = {isa = PBXFileReference; fileEncoding = 4; lastKnownFileType = sourcecode.cpp.cpp; name = constants.cc; path = ../../../src/constants.cc; sourceTree = "<group>"; };
		6FE7F01E2B95E37300C8357F /* fraction.h */ = {isa = PBXFileReference; fileEncoding = 4; lastKnownFileType = sourcecode.c.h; name = fraction.h; path = ../../../src/fraction.h; sourceTree = "<group>"; };
		6FE7F01F2B95E37300C8357F /* graphics.cc */ = {isa = PBXFileReference; fileEncoding = 4; lastKnownFileType = sourcecode.cpp.cpp; name = graphics.cc; path = ../../../src/graphics.cc; sourceTree = "<group>"; };
		6FE7F0212B95E37300C8357F /* main.h */ = {isa = PBXFileReference; fileEncoding = 4; lastKnownFileType = sourcecode.c.h; path = main.h; sourceTree = "<group>"; };
		6FE7F0222B95E37300C8357F /* qspi_crc.h */ = {isa = PBXFileReference; fileEncoding = 4; lastKnownFileType = sourcecode.c.h; path = qspi_crc.h; sourceTree = "<group>"; };
		6FE7F0232B95E37300C8357F /* stm32_program.ld */ = {isa = PBXFileReference; fileEncoding = 4; lastKnownFileType = text; path = stm32_program.ld; sourceTree = "<group>"; };
		6FE7F0242B95E37300C8357F /* variables.cc */ = {isa = PBXFileReference; fileEncoding = 4; lastKnownFileType = sourcecode.cpp.cpp; name = variables.cc; path = ../../../src/variables.cc; sourceTree = "<group>"; };
		6FE7F0252B95E37300C8357F /* symbol.cc */ = {isa = PBXFileReference; fileEncoding = 4; lastKnownFileType = sourcecode.cpp.cpp; name = symbol.cc; path = ../../../src/symbol.cc; sourceTree = "<group>"; };
		6FE7F0262B95E37300C8357F /* bignum.h */ = {isa = PBXFileReference; fileEncoding = 4; lastKnownFileType = sourcecode.c.h; name = bignum.h; path = ../../../src/bignum.h; sourceTree = "<group>"; };
		6FE7F0272B95E37300C8357F /* expression.h */ = {isa = PBXFileReference; fileEncoding = 4; lastKnownFileType = sourcecode.c.h; name = expression.h; path = ../../../src/expression.h; sourceTree = "<group>"; };
		6FE7F0282B95E37300C8357F /* grob.h */ = {isa = PBXFileReference; fileEncoding = 4; lastKnownFileType = sourcecode.c.h; name = grob.h; path = ../../../src/grob.h; sourceTree = "<group>"; };
		6FE7F0292B95E37300C8357F /* tag.h */ = {isa = PBXFileReference; fileEncoding = 4; lastKnownFileType = sourcecode.c.h; name = tag.h; path = ../../../src/tag.h; sourceTree = "<group>"; };
		6FE7F02A2B95E37300C8357F /* program.h */ = {isa = PBXFileReference; fileEncoding = 4; lastKnownFileType = sourcecode.c.h; name = program.h; path = ../../../src/program.h; sourceTree = "<group>"; };
		6FE7F02B2B95E37300C8357F /* stack-cmds.h */ = {isa = PBXFileReference; fileEncoding = 4; lastKnownFileType = sourcecode.c.h; name = "stack-cmds.h"; path = "../../../src/stack-cmds.h"; sourceTree = "<group>"; };
		6FE7F02C2B95E37300C8357F /* comment.cc */ = {isa = PBXFileReference; fileEncoding = 4; lastKnownFileType = sourcecode.cpp.cpp; name = comment.cc; path = ../../../src/comment.cc; sourceTree = "<group>"; };
		6FE7F02D2B95E37300C8357F /* hwfp.h */ = {isa = PBXFileReference; fileEncoding = 4; lastKnownFileType = sourcecode.c.h; name = hwfp.h; path = ../../../src/hwfp.h; sourceTree = "<group>"; };
		6FE7F02E2B95E37300C8357F /* renderer.cc */ = {isa = PBXFileReference; fileEncoding = 4; lastKnownFileType = sourcecode.cpp.cpp; name = renderer.cc; path = ../../../src/renderer.cc; sourceTree = "<group>"; };
		6FE7F02F2B95E37400C8357F /* runtime.h */ = {isa = PBXFileReference; fileEncoding = 4; lastKnownFileType = sourcecode.c.h; name = runtime.h; path = ../../../src/runtime.h; sourceTree = "<group>"; };
		6FE7F0302B95E37400C8357F /* command.cc */ = {isa = PBXFileReference; fileEncoding = 4; lastKnownFileType = sourcecode.cpp.cpp; name = command.cc; path = ../../../src/command.cc; sourceTree = "<group>"; };
		6FE7F0312B95E37400C8357F /* list.h */ = {isa = PBXFileReference; fileEncoding = 4; lastKnownFileType = sourcecode.c.h; name = list.h; path = ../../../src/list.h; sourceTree = "<group>"; };
		6FE7F0322B95E37400C8357F /* complex.cc */ = {isa = PBXFileReference; fileEncoding = 4; lastKnownFileType = sourcecode.cpp.cpp; name = complex.cc; path = ../../../src/complex.cc; sourceTree = "<group>"; };
		6FE7F0332B95E37400C8357F /* locals.h */ = {isa = PBXFileReference; fileEncoding = 4; lastKnownFileType = sourcecode.c.h; name = locals.h; path = ../../../src/locals.h; sourceTree = "<group>"; };
		6FE7F0342B95E37400C8357F /* complex.h */ = {isa = PBXFileReference; fileEncoding = 4; lastKnownFileType = sourcecode.c.h; name = complex.h; path = ../../../src/complex.h; sourceTree = "<group>"; };
		6FE7F0352B95E37400C8357F /* utf8.h */ = {isa = PBXFileReference; fileEncoding = 4; lastKnownFileType = sourcecode.c.h; name = utf8.h; path = ../../../src/utf8.h; sourceTree = "<group>"; };
		6FE7F0362B95E37400C8357F /* decimal-e.h */ = {isa = PBXFileReference; fileEncoding = 4; lastKnownFileType = sourcecode.c.h; name = "decimal-e.h"; path = "../../../src/decimal-e.h"; sourceTree = "<group>"; };
		6FE7F0372B95E37400C8357F /* arithmetic.cc */ = {isa = PBXFileReference; fileEncoding = 4; lastKnownFileType = sourcecode.cpp.cpp; name = arithmetic.cc; path = ../../../src/arithmetic.cc; sourceTree = "<group>"; };
		6FE7F0382B95E37400C8357F /* ids.tbl */ = {isa = PBXFileReference; fileEncoding = 4; lastKnownFileType = text; name = ids.tbl; path = ../../../src/ids.tbl; sourceTree = "<group>"; };
		6FE7F0392B95E37400C8357F /* datetime.cc */ = {isa = PBXFileReference; fileEncoding = 4; lastKnownFileType = sourcecode.cpp.cpp; name = datetime.cc; path = ../../../src/datetime.cc; sourceTree = "<group>"; };
		6FE7F03A2B95E37400C8357F /* hwfp.cc */ = {isa = PBXFileReference; fileEncoding = 4; lastKnownFileType = sourcecode.cpp.cpp; name = hwfp.cc; path = ../../../src/hwfp.cc; sourceTree = "<group>"; };
		6FE7F03B2B95E37400C8357F /* grob.cc */ = {isa = PBXFileReference; fileEncoding = 4; lastKnownFileType = sourcecode.cpp.cpp; name = grob.cc; path = ../../../src/grob.cc; sourceTree = "<group>"; };
		6FE7F03C2B95E37400C8357F /* runtime.cc */ = {isa = PBXFileReference; fileEncoding = 4; lastKnownFileType = sourcecode.cpp.cpp; name = runtime.cc; path = ../../../src/runtime.cc; sourceTree = "<group>"; };
		6FE7F03D2B95E37400C8357F /* decimal.h */ = {isa = PBXFileReference; fileEncoding = 4; lastKnownFileType = sourcecode.c.h; name = decimal.h; path = ../../../src/decimal.h; sourceTree = "<group>"; };
		6FE7F03E2B95E37400C8357F /* tag.cc */ = {isa = PBXFileReference; fileEncoding = 4; lastKnownFileType = sourcecode.cpp.cpp; name = tag.cc; path = ../../../src/tag.cc; sourceTree = "<group>"; };
		6FE7F03F2B95E37400C8357F /* stats.h */ = {isa = PBXFileReference; fileEncoding = 4; lastKnownFileType = sourcecode.c.h; name = stats.h; path = ../../../src/stats.h; sourceTree = "<group>"; };
		6FE7F0402B95E37400C8357F /* array.h */ = {isa = PBXFileReference; fileEncoding = 4; lastKnownFileType = sourcecode.c.h; name = array.h; path = ../../../src/array.h; sourceTree = "<group>"; };
		6FE7F0412B95E37400C8357F /* unit.cc */ = {isa = PBXFileReference; fileEncoding = 4; lastKnownFileType = sourcecode.cpp.cpp; name = unit.cc; path = ../../../src/unit.cc; sourceTree = "<group>"; };
		6FE7F0422B95E37400C8357F /* menu.cc */ = {isa = PBXFileReference; fileEncoding = 4; lastKnownFileType = sourcecode.cpp.cpp; name = menu.cc; path = ../../../src/menu.cc; sourceTree = "<group>"; };
		6FE7F0432B95E37400C8357F /* tests.cc */ = {isa = PBXFileReference; fileEncoding = 4; lastKnownFileType = sourcecode.cpp.cpp; name = tests.cc; path = ../../../src/tests.cc; sourceTree = "<group>"; };
		6FE7F0442B95E37400C8357F /* user_interface.cc */ = {isa = PBXFileReference; fileEncoding = 4; lastKnownFileType = sourcecode.cpp.cpp; name = user_interface.cc; path = ../../../src/user_interface.cc; sourceTree = "<group>"; };
		6FE7F0452B95E37400C8357F /* solve.cc */ = {isa = PBXFileReference; fileEncoding = 4; lastKnownFileType = sourcecode.cpp.cpp; name = solve.cc; path = ../../../src/solve.cc; sourceTree = "<group>"; };
		6FE7F0462B95E37400C8357F /* stack.h */ = {isa = PBXFileReference; fileEncoding = 4; lastKnownFileType = sourcecode.c.h; name = stack.h; path = ../../../src/stack.h; sourceTree = "<group>"; };
		6FE7F0482B95E37400C8357F /* main.cc */ = {isa = PBXFileReference; fileEncoding = 4; lastKnownFileType = sourcecode.cpp.cpp; path = main.cc; sourceTree = "<group>"; };
		6FE7F0492B95E37400C8357F /* version.h */ = {isa = PBXFileReference; fileEncoding = 4; lastKnownFileType = sourcecode.c.h; path = version.h; sourceTree = "<group>"; };
		6FE7F04A2B95E37400C8357F /* sysmenu.h */ = {isa = PBXFileReference; fileEncoding = 4; lastKnownFileType = sourcecode.c.h; path = sysmenu.h; sourceTree = "<group>"; };
		6FE7F04B2B95E37400C8357F /* sysmenu.cc */ = {isa = PBXFileReference; fileEncoding = 4; lastKnownFileType = sourcecode.cpp.cpp; path = sysmenu.cc; sourceTree = "<group>"; };
		6FE7F04C2B95E37400C8357F /* target.cc */ = {isa = PBXFileReference; fileEncoding = 4; lastKnownFileType = sourcecode.cpp.cpp; path = target.cc; sourceTree = "<group>"; };
		6FE7F04D2B95E37400C8357F /* target.h */ = {isa = PBXFileReference; fileEncoding = 4; lastKnownFileType = sourcecode.c.h; path = target.h; sourceTree = "<group>"; };
		6FE7F04E2B95E37400C8357F /* logical.h */ = {isa = PBXFileReference; fileEncoding = 4; lastKnownFileType = sourcecode.c.h; name = logical.h; path = ../../../src/logical.h; sourceTree = "<group>"; };
		6FE7F04F2B95E37400C8357F /* stats.cc */ = {isa = PBXFileReference; fileEncoding = 4; lastKnownFileType = sourcecode.cpp.cpp; name = stats.cc; path = ../../../src/stats.cc; sourceTree = "<group>"; };
		6FE7F0502B95E37400C8357F /* settings.cc */ = {isa = PBXFileReference; fileEncoding = 4; lastKnownFileType = sourcecode.cpp.cpp; name = settings.cc; path = ../../../src/settings.cc; sourceTree = "<group>"; };
		6FE7F0512B95E37400C8357F /* file.cc */ = {isa = PBXFileReference; fileEncoding = 4; lastKnownFileType = sourcecode.cpp.cpp; name = file.cc; path = ../../../src/file.cc; sourceTree = "<group>"; };
		6FE7F0522B95E37400C8357F /* datetime.h */ = {isa = PBXFileReference; fileEncoding = 4; lastKnownFileType = sourcecode.c.h; name = datetime.h; path = ../../../src/datetime.h; sourceTree = "<group>"; };
		6FE7F0532B95E37400C8357F /* integrate.cc */ = {isa = PBXFileReference; fileEncoding = 4; lastKnownFileType = sourcecode.cpp.cpp; name = integrate.cc; path = ../../../src/integrate.cc; sourceTree = "<group>"; };
		6FE7F0542B95E37400C8357F /* bignum.cc */ = {isa = PBXFileReference; fileEncoding = 4; lastKnownFileType = sourcecode.cpp.cpp; name = bignum.cc; path = ../../../src/bignum.cc; sourceTree = "<group>"; };
		6FE7F0552B95E37400C8357F /* command.h */ = {isa = PBXFileReference; fileEncoding = 4; lastKnownFileType = sourcecode.c.h; name = command.h; path = ../../../src/command.h; sourceTree = "<group>"; };
		6FF8739A2B97BA1E00C8357F /* Test.48S */ = {isa = PBXFileReference; fileEncoding = 4; lastKnownFileType = text; path = Test.48S; sourceTree = "<group>"; };
		6FF8739B2B97BA1E00C8357F /* Demo.48S */ = {isa = PBXFileReference; fileEncoding = 4; lastKnownFileType = text; path = Demo.48S; sourceTree = "<group>"; };
/* End PBXFileReference section */

/* Begin PBXFrameworksBuildPhase section */
		1F9D29631C72B9BB000025E6 /* Frameworks */ = {
			isa = PBXFrameworksBuildPhase;
			buildActionMask = 2147483647;
			files = (
				6F75CED92BA1B7D300C8357F /* WebKit.framework in Frameworks */,
				6FB5A8812B97F50E00C8357F /* AVFoundation.framework in Frameworks */,
			);
			runOnlyForDeploymentPostprocessing = 0;
		};
		1F9D297C1C72B9BB000025E6 /* Frameworks */ = {
			isa = PBXFrameworksBuildPhase;
			buildActionMask = 2147483647;
			files = (
			);
			runOnlyForDeploymentPostprocessing = 0;
		};
		1F9D29871C72B9BB000025E6 /* Frameworks */ = {
			isa = PBXFrameworksBuildPhase;
			buildActionMask = 2147483647;
			files = (
			);
			runOnlyForDeploymentPostprocessing = 0;
		};
/* End PBXFrameworksBuildPhase section */

/* Begin PBXGroup section */
		1F9D295D1C72B9BB000025E6 = {
			isa = PBXGroup;
			children = (
				1F9D29681C72B9BB000025E6 /* DB48X */,
				1F9D29821C72B9BB000025E6 /* DB48XTests */,
				1F9D298D1C72B9BB000025E6 /* DB48XUITests */,
				1F9D29671C72B9BB000025E6 /* Products */,
				6FB5A87F2B97F50E00C8357F /* Frameworks */,
			);
			sourceTree = "<group>";
		};
		1F9D29671C72B9BB000025E6 /* Products */ = {
			isa = PBXGroup;
			children = (
				1F9D29661C72B9BB000025E6 /* DB48X.app */,
				1F9D297F1C72B9BB000025E6 /* DB48XTests.xctest */,
				1F9D298A1C72B9BB000025E6 /* DB48XUITests.xctest */,
			);
			name = Products;
			sourceTree = "<group>";
		};
		1F9D29681C72B9BB000025E6 /* DB48X */ = {
			isa = PBXGroup;
			children = (
				1F9D296C1C72B9BB000025E6 /* AppDelegate.h */,
				1F9D296D1C72B9BB000025E6 /* AppDelegate.mm */,
				6FD3786E2BA7A66100C8357F /* AppSettings.h */,
				1F9D29751C72B9BB000025E6 /* Assets.xcassets */,
				6F75CED52BA1B23800C8357F /* HelpViewController.h */,
				6F75CED62BA1B23800C8357F /* HelpViewController.m */,
				6FE7753B2B979AFF00C8357F /* HighlightMarkerView.h */,
				6FE7753C2B979AFF00C8357F /* HighlightMarkerView.m */,
				1F9D297A1C72B9BB000025E6 /* Info.plist */,
				6FE7EFDD2B95DDF100C8357F /* Keyboard.cpp */,
				6FB5A8822B98035600C8357F /* KeyboardView.h */,
				6FB5A8832B98035600C8357F /* KeyboardView.m */,
				1F9D29771C72B9BB000025E6 /* LaunchScreen.storyboard */,
				1F9D29721C72B9BB000025E6 /* Main.storyboard */,
				6FCEDA532B95E5AB00C8357F /* Pictures */,
				6FE7EFE12B95E2F600C8357F /* Runtime */,
				6FE7EFDE2B95DDF100C8357F /* Screen.cpp */,
				6F5A77BC2B96862200C8357F /* ScreenView.h */,
				6F5A77BD2B96862200C8357F /* ScreenView.m */,
				6FD3786B2BA727EC00C8357F /* SettingsViewController.h */,
				6FD3786C2BA727EC00C8357F /* SettingsViewController.m */,
				1F9D29691C72B9BB000025E6 /* Supporting Files */,
				1F9D296F1C72B9BB000025E6 /* ViewController.h */,
				1F9D29701C72B9BB000025E6 /* ViewController.mm */,
			);
			path = DB48X;
			sourceTree = "<group>";
		};
		1F9D29691C72B9BB000025E6 /* Supporting Files */ = {
			isa = PBXGroup;
			children = (
				6FCEDA942B95F23600C8357F /* main.mm */,
			);
			name = "Supporting Files";
			sourceTree = "<group>";
		};
		1F9D29821C72B9BB000025E6 /* DB48XTests */ = {
			isa = PBXGroup;
			children = (
				1F9D29831C72B9BB000025E6 /* DB48XTests.m */,
				1F9D29851C72B9BB000025E6 /* Info.plist */,
			);
			path = DB48XTests;
			sourceTree = "<group>";
		};
		1F9D298D1C72B9BB000025E6 /* DB48XUITests */ = {
			isa = PBXGroup;
			children = (
				1F9D298E1C72B9BB000025E6 /* DB48XUITests.m */,
				1F9D29901C72B9BB000025E6 /* Info.plist */,
			);
			path = DB48XUITests;
			sourceTree = "<group>";
		};
		6FB5A87F2B97F50E00C8357F /* Frameworks */ = {
			isa = PBXGroup;
			children = (
				6F75CED82BA1B7D300C8357F /* WebKit.framework */,
				6FB5A8802B97F50E00C8357F /* AVFoundation.framework */,
			);
			name = Frameworks;
			sourceTree = "<group>";
		};
		6FCECEF62B95E4BE00C8357F /* recorder */ = {
			isa = PBXGroup;
			children = (
				6FCECF462B95E4BE00C8357F /* config.h */,
				6FCECF432B95E4BE00C8357F /* recorder.c */,
				6FCECFA12B95E4BE00C8357F /* recorder.h */,
				6FCECF4B2B95E4BE00C8357F /* recorder_ring.c */,
				6FCECFAA2B95E4BE00C8357F /* recorder_ring.h */,
				6FCED4582B95E4C000C8357F /* recorder.spec */,
			);
			name = recorder;
			path = ../../../recorder;
			sourceTree = "<group>";
		};
		6FCED99E2B95E51E00C8357F /* sim */ = {
			isa = PBXGroup;
			children = (
				6FC22A332B973FB700C8357F /* sim-dmcp.h */,
				6FCEDA922B95EE2D00C8357F /* dmcp.cpp */,
				6FCEDA582B95ECC800C8357F /* ff_ifc.h */,
				6FCED9D82B95E51E00C8357F /* dmcp.h */,
			);
			name = sim;
			path = ../../../sim;
			sourceTree = "<group>";
		};
		6FCEDA532B95E5AB00C8357F /* Pictures */ = {
			isa = PBXGroup;
			children = (
				6FCEDA552B95E60700C8357F /* keyboard-db48x.png */,
				6FCEDA542B95E60700C8357F /* keyboard-dm42.png */,
			);
			name = Pictures;
			sourceTree = "<group>";
		};
		6FCEDA592B95ED9600C8357F /* fonts */ = {
			isa = PBXGroup;
			children = (
				6FCEDA902B95EDDF00C8357F /* ReducedFont.cc */,
				6FCEDA5C2B95ED9600C8357F /* StackFont.cc */,
				6FCEDA6C2B95ED9600C8357F /* HelpFont.cc */,
				6FCEDA722B95ED9600C8357F /* EditorFont.cc */,
			);
			name = fonts;
			path = ../../../fonts;
			sourceTree = "<group>";
		};
		6FE7750B2B97966E00C8357F /* config */ = {
			isa = PBXGroup;
			children = (
				6F4528DA2B9C6DD800C8357F /* equations.csv */,
				6F4528DB2B9C6DD800C8357F /* library.csv */,
				6FD555852B995FA500C8357F /* characters.csv */,
				6FE7750C2B97966E00C8357F /* units.csv */,
				6FE7750D2B97966E00C8357F /* constants.csv */,
			);
			name = config;
			path = ../../../config;
			sourceTree = "<group>";
		};
		6FE7750E2B97966E00C8357F /* help */ = {
			isa = PBXGroup;
			children = (
				6FE7750F2B97966E00C8357F /* left-shift.png */,
				6FE775102B97966E00C8357F /* keyboard.png */,
				6FE775112B97966E00C8357F /* db48x.md */,
				6FE775202B97966E00C8357F /* db50x.md */,
			);
			name = help;
			path = ../../../help;
			sourceTree = "<group>";
		};
		6FE7EFE12B95E2F600C8357F /* Runtime */ = {
			isa = PBXGroup;
			children = (
				6FF873992B97BA1E00C8357F /* state */,
				6FE7750B2B97966E00C8357F /* config */,
				6FE7750E2B97966E00C8357F /* help */,
				6FCEDA592B95ED9600C8357F /* fonts */,
				6FCED99E2B95E51E00C8357F /* sim */,
				6FCECEF62B95E4BE00C8357F /* recorder */,
				6FE7F0142B95E37300C8357F /* algebraic.cc */,
				6FE7F0082B95E37300C8357F /* algebraic.h */,
				6FE7F0372B95E37400C8357F /* arithmetic.cc */,
				6F4528CE2B9C0F4E00C8357F /* beep.h */,
				6F4528C92B9C0F4E00C8357F /* catalog.h */,
				6F4528CF2B9C0F4E00C8357F /* comment.h */,
				6F4528CD2B9C0F4E00C8357F /* compare.h */,
				6F4528C82B9C0F4E00C8357F /* conditionals.h */,
				6F4528C72B9C0F4E00C8357F /* decimal-e.txt */,
				6F4528CC2B9C0F4E00C8357F /* decimal-pi.txt */,
				6F4528C52B9C0F4E00C8357F /* equations.cc */,
				6F4528C62B9C0F4E00C8357F /* equations.h */,
				6F4528CA2B9C0F4E00C8357F /* library.cc */,
				6F4528CB2B9C0F4E00C8357F /* library.h */,
				6FE7F0132B95E37300C8357F /* arithmetic.h */,
				6FE7EFFC2B95E37200C8357F /* array.cc */,
				6FE7F0402B95E37400C8357F /* array.h */,
				6FE7F0542B95E37400C8357F /* bignum.cc */,
				6FE7F0262B95E37300C8357F /* bignum.h */,
				6FE7F0012B95E37200C8357F /* blitter.h */,
				6FCEDA962B95F28F00C8357F /* catalog.cc */,
				6FD555822B995F8800C8357F /* characters.cc */,
				6FD555832B995F8900C8357F /* characters.h */,
				6FE7F0302B95E37400C8357F /* command.cc */,
				6FE7F0552B95E37400C8357F /* command.h */,
				6FE7F02C2B95E37300C8357F /* comment.cc */,
				6FE7F0152B95E37300C8357F /* compare.cc */,
				6FE7F0322B95E37400C8357F /* complex.cc */,
				6FE7F0342B95E37400C8357F /* complex.h */,
				6FE7EFFD2B95E37200C8357F /* conditionals.cc */,
				6FE7F01D2B95E37300C8357F /* constants.cc */,
				6FE7EFEB2B95E37200C8357F /* constants.h */,
				6FE7F0392B95E37400C8357F /* datetime.cc */,
				6FE7F0522B95E37400C8357F /* datetime.h */,
				6FE7F0362B95E37400C8357F /* decimal-e.h */,
				6FE7EFE92B95E37200C8357F /* decimal-pi.h */,
				6FE7EFEC2B95E37200C8357F /* decimal.cc */,
				6FE7F03D2B95E37400C8357F /* decimal.h */,
				6FE7F0202B95E37300C8357F /* dm32 */,
				6FE7F0472B95E37400C8357F /* dmcp */,
				6FE7EFE22B95E37200C8357F /* errors.tbl */,
				6FE7EFFB2B95E37200C8357F /* expression.cc */,
				6FE7F0272B95E37300C8357F /* expression.h */,
				6FE7F0512B95E37400C8357F /* file.cc */,
				6FE7F00D2B95E37300C8357F /* file.h */,
				6FE7F00C2B95E37300C8357F /* files.cc */,
				6FE7F0112B95E37300C8357F /* files.h */,
				6FE7F0122B95E37300C8357F /* font.cc */,
				6FE7F0022B95E37200C8357F /* font.h */,
				6FE7F00B2B95E37300C8357F /* fraction.cc */,
				6FE7F01E2B95E37300C8357F /* fraction.h */,
				6FE7EFFA2B95E37200C8357F /* functions.cc */,
				6FE7EFF72B95E37200C8357F /* functions.h */,
				6FE7F01F2B95E37300C8357F /* graphics.cc */,
				6FE7F00E2B95E37300C8357F /* graphics.h */,
				6FE7F03B2B95E37400C8357F /* grob.cc */,
				6FE7F0282B95E37300C8357F /* grob.h */,
				6FE7F03A2B95E37400C8357F /* hwfp.cc */,
				6FE7F02D2B95E37300C8357F /* hwfp.h */,
				6FE7F0382B95E37400C8357F /* ids.tbl */,
				6FE7EFF62B95E37200C8357F /* ignored_help.csv */,
				6FE7F01C2B95E37300C8357F /* ignored_menus.csv */,
				6FE7F00F2B95E37300C8357F /* integer.cc */,
				6FE7F0092B95E37300C8357F /* integer.h */,
				6FE7F0532B95E37400C8357F /* integrate.cc */,
				6FE7EFE62B95E37200C8357F /* integrate.h */,
				6FE7F0072B95E37300C8357F /* leb128.h */,
				6FE7F01A2B95E37300C8357F /* list.cc */,
				6FE7F0312B95E37400C8357F /* list.h */,
				6FE7F0002B95E37200C8357F /* locals.cc */,
				6FE7F0332B95E37400C8357F /* locals.h */,
				6FE7F0172B95E37300C8357F /* logical.cc */,
				6FE7F04E2B95E37400C8357F /* logical.h */,
				6FE7EFFE2B95E37200C8357F /* loops.cc */,
				6FE7EFF32B95E37200C8357F /* loops.h */,
				6FE7F0422B95E37400C8357F /* menu.cc */,
				6FE7EFF52B95E37200C8357F /* menu.h */,
				6FE7EFE32B95E37200C8357F /* object.cc */,
				6FE7F0162B95E37300C8357F /* object.h */,
				6FE7F0032B95E37200C8357F /* parser.h */,
				6FE7EFFF2B95E37200C8357F /* plot.cc */,
				6FE7EFEA2B95E37200C8357F /* plot.h */,
				6FE7EFF42B95E37200C8357F /* precedence.h */,
				6FE7F0182B95E37300C8357F /* program.cc */,
				6FE7F02A2B95E37300C8357F /* program.h */,
				6FE7F0052B95E37300C8357F /* recorder.h */,
				6FE7F02E2B95E37300C8357F /* renderer.cc */,
				6FE7EFE72B95E37200C8357F /* renderer.h */,
				6FE7F03C2B95E37400C8357F /* runtime.cc */,
				6FE7F02F2B95E37400C8357F /* runtime.h */,
				6FE7F0502B95E37400C8357F /* settings.cc */,
				6FE7EFF82B95E37200C8357F /* settings.h */,
				6FE7F0452B95E37400C8357F /* solve.cc */,
				6FE7F01B2B95E37300C8357F /* solve.h */,
				6FE7F02B2B95E37300C8357F /* stack-cmds.h */,
				6FE7EFE82B95E37200C8357F /* stack.cc */,
				6FE7F0462B95E37400C8357F /* stack.h */,
				6FE7F04F2B95E37400C8357F /* stats.cc */,
				6FE7F03F2B95E37400C8357F /* stats.h */,
				6FE7F0252B95E37300C8357F /* symbol.cc */,
				6FE7EFEE2B95E37200C8357F /* symbol.h */,
				6FE7F03E2B95E37400C8357F /* tag.cc */,
				6FE7F0292B95E37300C8357F /* tag.h */,
				6FE7F0432B95E37400C8357F /* tests.cc */,
				6FE7EFED2B95E37200C8357F /* tests.h */,
				6FE7EFE42B95E37200C8357F /* text.cc */,
				6FE7F0042B95E37200C8357F /* text.h */,
				6FE7EFF92B95E37200C8357F /* types.h */,
				6FE7F0412B95E37400C8357F /* unit.cc */,
				6FE7EFE52B95E37200C8357F /* unit.h */,
				6FE7F0442B95E37400C8357F /* user_interface.cc */,
				6FE7F0192B95E37300C8357F /* user_interface.h */,
				6FE7F0352B95E37400C8357F /* utf8.h */,
				6FE7F00A2B95E37300C8357F /* util.cc */,
				6FE7F0062B95E37300C8357F /* util.h */,
				6FE7F0242B95E37300C8357F /* variables.cc */,
				6FE7F0102B95E37300C8357F /* variables.h */,
			);
			name = Runtime;
			sourceTree = "<group>";
		};
		6FE7F0202B95E37300C8357F /* dm32 */ = {
			isa = PBXGroup;
			children = (
				6FE7F0212B95E37300C8357F /* main.h */,
				6FE7F0222B95E37300C8357F /* qspi_crc.h */,
				6FE7F0232B95E37300C8357F /* stm32_program.ld */,
			);
			name = dm32;
			path = ../../../src/dm32;
			sourceTree = "<group>";
		};
		6FE7F0472B95E37400C8357F /* dmcp */ = {
			isa = PBXGroup;
			children = (
				6FE7F0482B95E37400C8357F /* main.cc */,
				6FE7F0492B95E37400C8357F /* version.h */,
				6FE7F04A2B95E37400C8357F /* sysmenu.h */,
				6FE7F04B2B95E37400C8357F /* sysmenu.cc */,
				6FE7F04C2B95E37400C8357F /* target.cc */,
				6FE7F04D2B95E37400C8357F /* target.h */,
			);
			name = dmcp;
			path = ../../../src/dmcp;
			sourceTree = "<group>";
		};
		6FF873992B97BA1E00C8357F /* state */ = {
			isa = PBXGroup;
			children = (
				6FF8739A2B97BA1E00C8357F /* Test.48S */,
				6FF8739B2B97BA1E00C8357F /* Demo.48S */,
			);
			name = state;
			path = ../../../state;
			sourceTree = "<group>";
		};
/* End PBXGroup section */

/* Begin PBXNativeTarget section */
		1F9D29651C72B9BB000025E6 /* DB48X */ = {
			isa = PBXNativeTarget;
			buildConfigurationList = 1F9D29931C72B9BB000025E6 /* Build configuration list for PBXNativeTarget "DB48X" */;
			buildPhases = (
				1F9D29621C72B9BB000025E6 /* Sources */,
				1F9D29631C72B9BB000025E6 /* Frameworks */,
				1F9D29641C72B9BB000025E6 /* Resources */,
				6FF873932B97B82C00C8357F /* CopyFiles */,
				6FF873962B97B85D00C8357F /* CopyFiles */,
				6FF8739E2B97BAA200C8357F /* CopyFiles */,
			);
			buildRules = (
			);
			dependencies = (
			);
			name = DB48X;
			productName = DB48X;
			productReference = 1F9D29661C72B9BB000025E6 /* DB48X.app */;
			productType = "com.apple.product-type.application";
		};
		1F9D297E1C72B9BB000025E6 /* DB48XTests */ = {
			isa = PBXNativeTarget;
			buildConfigurationList = 1F9D29961C72B9BB000025E6 /* Build configuration list for PBXNativeTarget "DB48XTests" */;
			buildPhases = (
				1F9D297B1C72B9BB000025E6 /* Sources */,
				1F9D297C1C72B9BB000025E6 /* Frameworks */,
				1F9D297D1C72B9BB000025E6 /* Resources */,
			);
			buildRules = (
			);
			dependencies = (
				1F9D29811C72B9BB000025E6 /* PBXTargetDependency */,
			);
			name = DB48XTests;
			productName = DB48XTests;
			productReference = 1F9D297F1C72B9BB000025E6 /* DB48XTests.xctest */;
			productType = "com.apple.product-type.bundle.unit-test";
		};
		1F9D29891C72B9BB000025E6 /* DB48XUITests */ = {
			isa = PBXNativeTarget;
			buildConfigurationList = 1F9D29991C72B9BB000025E6 /* Build configuration list for PBXNativeTarget "DB48XUITests" */;
			buildPhases = (
				1F9D29861C72B9BB000025E6 /* Sources */,
				1F9D29871C72B9BB000025E6 /* Frameworks */,
				1F9D29881C72B9BB000025E6 /* Resources */,
			);
			buildRules = (
			);
			dependencies = (
				1F9D298C1C72B9BB000025E6 /* PBXTargetDependency */,
			);
			name = DB48XUITests;
			productName = DB48XUITests;
			productReference = 1F9D298A1C72B9BB000025E6 /* DB48XUITests.xctest */;
			productType = "com.apple.product-type.bundle.ui-testing";
		};
/* End PBXNativeTarget section */

/* Begin PBXProject section */
		1F9D295E1C72B9BB000025E6 /* Project object */ = {
			isa = PBXProject;
			attributes = {
				BuildIndependentTargetsInParallel = YES;
				LastUpgradeCheck = 1520;
				ORGANIZATIONNAME = Dinechin;
				TargetAttributes = {
					1F9D29651C72B9BB000025E6 = {
						CreatedOnToolsVersion = 7.2.1;
						DevelopmentTeam = N8TFZFR3PT;
					};
					1F9D297E1C72B9BB000025E6 = {
						CreatedOnToolsVersion = 7.2.1;
						TestTargetID = 1F9D29651C72B9BB000025E6;
					};
					1F9D29891C72B9BB000025E6 = {
						CreatedOnToolsVersion = 7.2.1;
						TestTargetID = 1F9D29651C72B9BB000025E6;
					};
				};
			};
			buildConfigurationList = 1F9D29611C72B9BB000025E6 /* Build configuration list for PBXProject "DB48X" */;
			compatibilityVersion = "Xcode 3.2";
			developmentRegion = en;
			hasScannedForEncodings = 0;
			knownRegions = (
				en,
				Base,
			);
			mainGroup = 1F9D295D1C72B9BB000025E6;
			productRefGroup = 1F9D29671C72B9BB000025E6 /* Products */;
			projectDirPath = "";
			projectRoot = "";
			targets = (
				1F9D29651C72B9BB000025E6 /* DB48X */,
				1F9D297E1C72B9BB000025E6 /* DB48XTests */,
				1F9D29891C72B9BB000025E6 /* DB48XUITests */,
			);
		};
/* End PBXProject section */

/* Begin PBXResourcesBuildPhase section */
		1F9D29641C72B9BB000025E6 /* Resources */ = {
			isa = PBXResourcesBuildPhase;
			buildActionMask = 2147483647;
			files = (
				6FE7F05C2B95E37400C8357F /* ignored_help.csv in Resources */,
				6FCEDA562B95E60700C8357F /* keyboard-dm42.png in Resources */,
				6FE775282B97966E00C8357F /* keyboard.png in Resources */,
				6FE775272B97966E00C8357F /* left-shift.png in Resources */,
				6FD555862B995FA500C8357F /* characters.csv in Resources */,
				1F9D29791C72B9BB000025E6 /* LaunchScreen.storyboard in Resources */,
				1F9D29761C72B9BB000025E6 /* Assets.xcassets in Resources */,
				6FE775262B97966E00C8357F /* constants.csv in Resources */,
				6FCED99D2B95E4C100C8357F /* recorder.spec in Resources */,
				6FCEDA572B95E60700C8357F /* keyboard-db48x.png in Resources */,
				6F4528DD2B9C6DD800C8357F /* library.csv in Resources */,
				6FE775292B97966E00C8357F /* db48x.md in Resources */,
				6FE775372B97966E00C8357F /* db50x.md in Resources */,
				1F9D29741C72B9BB000025E6 /* Main.storyboard in Resources */,
				6FE7F0562B95E37400C8357F /* errors.tbl in Resources */,
				6FE7F06E2B95E37400C8357F /* ignored_menus.csv in Resources */,
				6F4528D32B9C0F4E00C8357F /* decimal-pi.txt in Resources */,
				6F4528DC2B9C6DD800C8357F /* equations.csv in Resources */,
				6FE7F0792B95E37400C8357F /* ids.tbl in Resources */,
				6FF8739D2B97BA1E00C8357F /* Demo.48S in Resources */,
				6FF8739C2B97BA1E00C8357F /* Test.48S in Resources */,
				6FE7F0712B95E37400C8357F /* stm32_program.ld in Resources */,
				6F4528D12B9C0F4E00C8357F /* decimal-e.txt in Resources */,
				6FE775252B97966E00C8357F /* units.csv in Resources */,
			);
			runOnlyForDeploymentPostprocessing = 0;
		};
		1F9D297D1C72B9BB000025E6 /* Resources */ = {
			isa = PBXResourcesBuildPhase;
			buildActionMask = 2147483647;
			files = (
			);
			runOnlyForDeploymentPostprocessing = 0;
		};
		1F9D29881C72B9BB000025E6 /* Resources */ = {
			isa = PBXResourcesBuildPhase;
			buildActionMask = 2147483647;
			files = (
			);
			runOnlyForDeploymentPostprocessing = 0;
		};
/* End PBXResourcesBuildPhase section */

/* Begin PBXSourcesBuildPhase section */
		1F9D29621C72B9BB000025E6 /* Sources */ = {
			isa = PBXSourcesBuildPhase;
			buildActionMask = 2147483647;
			files = (
				6FE7F0702B95E37400C8357F /* graphics.cc in Sources */,
				6FE7EFE02B95DDF100C8357F /* Screen.cpp in Sources */,
				6FE7F06B2B95E37400C8357F /* logical.cc in Sources */,
				6FE7F0652B95E37400C8357F /* fraction.cc in Sources */,
				6FE7F0602B95E37400C8357F /* conditionals.cc in Sources */,
				6FE7F0682B95E37400C8357F /* font.cc in Sources */,
				6FE7F0582B95E37400C8357F /* text.cc in Sources */,
				6FCEDA972B95F28F00C8357F /* catalog.cc in Sources */,
				6F5A77BE2B96862200C8357F /* ScreenView.m in Sources */,
				6FE7F0672B95E37400C8357F /* integer.cc in Sources */,
				6FE7F05E2B95E37400C8357F /* expression.cc in Sources */,
				6FE7F06A2B95E37400C8357F /* compare.cc in Sources */,
				6FE7F0592B95E37400C8357F /* stack.cc in Sources */,
				6FE7F0832B95E37400C8357F /* solve.cc in Sources */,
				1F9D29711C72B9BB000025E6 /* ViewController.mm in Sources */,
				6FCEDA772B95ED9600C8357F /* StackFont.cc in Sources */,
				6FE7F0622B95E37400C8357F /* plot.cc in Sources */,
				6FE7F0762B95E37400C8357F /* command.cc in Sources */,
				6FD555842B995F8900C8357F /* characters.cc in Sources */,
				6FE7F08A2B95E37400C8357F /* integrate.cc in Sources */,
				6FE7F0722B95E37400C8357F /* variables.cc in Sources */,
				6FE7F06C2B95E37400C8357F /* program.cc in Sources */,
				6FE7F0692B95E37400C8357F /* algebraic.cc in Sources */,
				6FE7F07F2B95E37400C8357F /* unit.cc in Sources */,
				6FE7F05A2B95E37400C8357F /* decimal.cc in Sources */,
				6FE7F0862B95E37400C8357F /* target.cc in Sources */,
				6FE7F08B2B95E37400C8357F /* bignum.cc in Sources */,
				6FE7F0772B95E37400C8357F /* complex.cc in Sources */,
				6FE7F07C2B95E37400C8357F /* grob.cc in Sources */,
				6FE7F0612B95E37400C8357F /* loops.cc in Sources */,
				6FE7F05D2B95E37400C8357F /* functions.cc in Sources */,
				6F75CED72BA1B23800C8357F /* HelpViewController.m in Sources */,
				6FE7F05F2B95E37400C8357F /* array.cc in Sources */,
				6FE7753D2B979AFF00C8357F /* HighlightMarkerView.m in Sources */,
				6FE7F0822B95E37400C8357F /* user_interface.cc in Sources */,
				6FE7F0632B95E37400C8357F /* locals.cc in Sources */,
				6FE7F0782B95E37400C8357F /* arithmetic.cc in Sources */,
				6FE7F0842B95E37400C8357F /* main.cc in Sources */,
				6F4528D02B9C0F4E00C8357F /* equations.cc in Sources */,
				1F9D296E1C72B9BB000025E6 /* AppDelegate.mm in Sources */,
				6FE7F0752B95E37400C8357F /* renderer.cc in Sources */,
				6FE7F06F2B95E37400C8357F /* constants.cc in Sources */,
				6FE7F0872B95E37400C8357F /* stats.cc in Sources */,
				6FE7F07B2B95E37400C8357F /* hwfp.cc in Sources */,
				6FE7F0662B95E37400C8357F /* files.cc in Sources */,
				6FE7F0882B95E37400C8357F /* settings.cc in Sources */,
				6FE7F07E2B95E37400C8357F /* tag.cc in Sources */,
				6FCEDA912B95EDDF00C8357F /* ReducedFont.cc in Sources */,
				6FE7F07A2B95E37400C8357F /* datetime.cc in Sources */,
				6FE7F0892B95E37400C8357F /* file.cc in Sources */,
				6FCEDA8D2B95ED9600C8357F /* EditorFont.cc in Sources */,
				6FE7F0642B95E37400C8357F /* util.cc in Sources */,
				6FE7F0732B95E37400C8357F /* symbol.cc in Sources */,
				6FCED4962B95E4C000C8357F /* recorder.c in Sources */,
				6FE7EFDF2B95DDF100C8357F /* Keyboard.cpp in Sources */,
				6FCEDA952B95F23600C8357F /* main.mm in Sources */,
				6FB5A8842B98035600C8357F /* KeyboardView.m in Sources */,
				6FD3786D2BA727EC00C8357F /* SettingsViewController.m in Sources */,
				6FE7F0802B95E37400C8357F /* menu.cc in Sources */,
				6FE7F0742B95E37400C8357F /* comment.cc in Sources */,
				6FE7F0572B95E37400C8357F /* object.cc in Sources */,
				6FCEDA932B95EE2E00C8357F /* dmcp.cpp in Sources */,
				6FE7F06D2B95E37400C8357F /* list.cc in Sources */,
				6FE7F0852B95E37400C8357F /* sysmenu.cc in Sources */,
				6FCED49D2B95E4C000C8357F /* recorder_ring.c in Sources */,
				6FE7F0812B95E37400C8357F /* tests.cc in Sources */,
				6F4528D22B9C0F4E00C8357F /* library.cc in Sources */,
				6FCEDA872B95ED9600C8357F /* HelpFont.cc in Sources */,
				6FE7F07D2B95E37400C8357F /* runtime.cc in Sources */,
			);
			runOnlyForDeploymentPostprocessing = 0;
		};
		1F9D297B1C72B9BB000025E6 /* Sources */ = {
			isa = PBXSourcesBuildPhase;
			buildActionMask = 2147483647;
			files = (
				1F9D29841C72B9BB000025E6 /* DB48XTests.m in Sources */,
			);
			runOnlyForDeploymentPostprocessing = 0;
		};
		1F9D29861C72B9BB000025E6 /* Sources */ = {
			isa = PBXSourcesBuildPhase;
			buildActionMask = 2147483647;
			files = (
				1F9D298F1C72B9BB000025E6 /* DB48XUITests.m in Sources */,
			);
			runOnlyForDeploymentPostprocessing = 0;
		};
/* End PBXSourcesBuildPhase section */

/* Begin PBXTargetDependency section */
		1F9D29811C72B9BB000025E6 /* PBXTargetDependency */ = {
			isa = PBXTargetDependency;
			target = 1F9D29651C72B9BB000025E6 /* DB48X */;
			targetProxy = 1F9D29801C72B9BB000025E6 /* PBXContainerItemProxy */;
		};
		1F9D298C1C72B9BB000025E6 /* PBXTargetDependency */ = {
			isa = PBXTargetDependency;
			target = 1F9D29651C72B9BB000025E6 /* DB48X */;
			targetProxy = 1F9D298B1C72B9BB000025E6 /* PBXContainerItemProxy */;
		};
/* End PBXTargetDependency section */

/* Begin PBXVariantGroup section */
		1F9D29721C72B9BB000025E6 /* Main.storyboard */ = {
			isa = PBXVariantGroup;
			children = (
				1F9D29731C72B9BB000025E6 /* Base */,
			);
			name = Main.storyboard;
			sourceTree = "<group>";
		};
		1F9D29771C72B9BB000025E6 /* LaunchScreen.storyboard */ = {
			isa = PBXVariantGroup;
			children = (
				1F9D29781C72B9BB000025E6 /* Base */,
			);
			name = LaunchScreen.storyboard;
			sourceTree = "<group>";
		};
/* End PBXVariantGroup section */

/* Begin XCBuildConfiguration section */
		1F9D29911C72B9BB000025E6 /* Debug */ = {
			isa = XCBuildConfiguration;
			buildSettings = {
				ALWAYS_SEARCH_USER_PATHS = NO;
				ASSETCATALOG_COMPILER_GENERATE_SWIFT_ASSET_SYMBOL_EXTENSIONS = YES;
				CLANG_ANALYZER_LOCALIZABILITY_NONLOCALIZED = YES;
				CLANG_CXX_LANGUAGE_STANDARD = "gnu++17";
				CLANG_CXX_LIBRARY = "libc++";
				CLANG_ENABLE_MODULES = YES;
				CLANG_ENABLE_OBJC_ARC = YES;
				CLANG_WARN_BLOCK_CAPTURE_AUTORELEASING = YES;
				CLANG_WARN_BOOL_CONVERSION = YES;
				CLANG_WARN_COMMA = YES;
				CLANG_WARN_CONSTANT_CONVERSION = YES;
				CLANG_WARN_DEPRECATED_OBJC_IMPLEMENTATIONS = YES;
				CLANG_WARN_DIRECT_OBJC_ISA_USAGE = YES_ERROR;
				CLANG_WARN_EMPTY_BODY = YES;
				CLANG_WARN_ENUM_CONVERSION = YES;
				CLANG_WARN_INFINITE_RECURSION = YES;
				CLANG_WARN_INT_CONVERSION = YES;
				CLANG_WARN_NON_LITERAL_NULL_CONVERSION = YES;
				CLANG_WARN_OBJC_IMPLICIT_RETAIN_SELF = YES;
				CLANG_WARN_OBJC_LITERAL_CONVERSION = YES;
				CLANG_WARN_OBJC_ROOT_CLASS = YES_ERROR;
				CLANG_WARN_QUOTED_INCLUDE_IN_FRAMEWORK_HEADER = YES;
				CLANG_WARN_RANGE_LOOP_ANALYSIS = YES;
				CLANG_WARN_STRICT_PROTOTYPES = YES;
				CLANG_WARN_SUSPICIOUS_MOVE = YES;
				CLANG_WARN_UNREACHABLE_CODE = YES;
				CLANG_WARN__DUPLICATE_METHOD_MATCH = YES;
				"CODE_SIGN_IDENTITY[sdk=iphoneos*]" = "iPhone Developer";
				COPY_PHASE_STRIP = NO;
				DEBUG_INFORMATION_FORMAT = dwarf;
				ENABLE_STRICT_OBJC_MSGSEND = YES;
				ENABLE_TESTABILITY = YES;
				ENABLE_USER_SCRIPT_SANDBOXING = YES;
				GCC_C_LANGUAGE_STANDARD = gnu99;
				GCC_DYNAMIC_NO_PIC = NO;
				GCC_NO_COMMON_BLOCKS = YES;
				GCC_OPTIMIZATION_LEVEL = 0;
				GCC_PREPROCESSOR_DEFINITIONS = (
					"DEBUG=1",
					"$(inherited)",
				);
				"GCC_PREPROCESSOR_DEFINITIONS[arch=*]" = "";
				GCC_WARN_64_TO_32_BIT_CONVERSION = YES;
				GCC_WARN_ABOUT_RETURN_TYPE = YES_ERROR;
				GCC_WARN_UNDECLARED_SELECTOR = YES;
				GCC_WARN_UNINITIALIZED_AUTOS = YES_AGGRESSIVE;
				GCC_WARN_UNUSED_FUNCTION = YES;
				GCC_WARN_UNUSED_VARIABLE = YES;
				IPHONEOS_DEPLOYMENT_TARGET = 13.4;
				MTL_ENABLE_DEBUG_INFO = YES;
				ONLY_ACTIVE_ARCH = YES;
				SDKROOT = iphoneos;
				TARGETED_DEVICE_FAMILY = "1,2";
			};
			name = Debug;
		};
		1F9D29921C72B9BB000025E6 /* Release */ = {
			isa = XCBuildConfiguration;
			buildSettings = {
				ALWAYS_SEARCH_USER_PATHS = NO;
				ASSETCATALOG_COMPILER_GENERATE_SWIFT_ASSET_SYMBOL_EXTENSIONS = YES;
				CLANG_ANALYZER_LOCALIZABILITY_NONLOCALIZED = YES;
				CLANG_CXX_LANGUAGE_STANDARD = "gnu++17";
				CLANG_CXX_LIBRARY = "libc++";
				CLANG_ENABLE_MODULES = YES;
				CLANG_ENABLE_OBJC_ARC = YES;
				CLANG_WARN_BLOCK_CAPTURE_AUTORELEASING = YES;
				CLANG_WARN_BOOL_CONVERSION = YES;
				CLANG_WARN_COMMA = YES;
				CLANG_WARN_CONSTANT_CONVERSION = YES;
				CLANG_WARN_DEPRECATED_OBJC_IMPLEMENTATIONS = YES;
				CLANG_WARN_DIRECT_OBJC_ISA_USAGE = YES_ERROR;
				CLANG_WARN_EMPTY_BODY = YES;
				CLANG_WARN_ENUM_CONVERSION = YES;
				CLANG_WARN_INFINITE_RECURSION = YES;
				CLANG_WARN_INT_CONVERSION = YES;
				CLANG_WARN_NON_LITERAL_NULL_CONVERSION = YES;
				CLANG_WARN_OBJC_IMPLICIT_RETAIN_SELF = YES;
				CLANG_WARN_OBJC_LITERAL_CONVERSION = YES;
				CLANG_WARN_OBJC_ROOT_CLASS = YES_ERROR;
				CLANG_WARN_QUOTED_INCLUDE_IN_FRAMEWORK_HEADER = YES;
				CLANG_WARN_RANGE_LOOP_ANALYSIS = YES;
				CLANG_WARN_STRICT_PROTOTYPES = YES;
				CLANG_WARN_SUSPICIOUS_MOVE = YES;
				CLANG_WARN_UNREACHABLE_CODE = YES;
				CLANG_WARN__DUPLICATE_METHOD_MATCH = YES;
				"CODE_SIGN_IDENTITY[sdk=iphoneos*]" = "iPhone Developer";
				COPY_PHASE_STRIP = NO;
				DEBUG_INFORMATION_FORMAT = "dwarf-with-dsym";
				ENABLE_NS_ASSERTIONS = NO;
				ENABLE_STRICT_OBJC_MSGSEND = YES;
				ENABLE_USER_SCRIPT_SANDBOXING = YES;
				GCC_C_LANGUAGE_STANDARD = gnu99;
				GCC_NO_COMMON_BLOCKS = YES;
				GCC_WARN_64_TO_32_BIT_CONVERSION = YES;
				GCC_WARN_ABOUT_RETURN_TYPE = YES_ERROR;
				GCC_WARN_UNDECLARED_SELECTOR = YES;
				GCC_WARN_UNINITIALIZED_AUTOS = YES_AGGRESSIVE;
				GCC_WARN_UNUSED_FUNCTION = YES;
				GCC_WARN_UNUSED_VARIABLE = YES;
				IPHONEOS_DEPLOYMENT_TARGET = 13.4;
				MTL_ENABLE_DEBUG_INFO = NO;
				SDKROOT = iphoneos;
				TARGETED_DEVICE_FAMILY = "1,2";
				VALIDATE_PRODUCT = YES;
			};
			name = Release;
		};
		1F9D29941C72B9BB000025E6 /* Debug */ = {
			isa = XCBuildConfiguration;
			buildSettings = {
				ASSETCATALOG_COMPILER_APPICON_NAME = AppIcon;
				DEVELOPMENT_TEAM = N8TFZFR3PT;
				"GCC_PREPROCESSOR_DEFINITIONS[arch=*]" = (
					"DEBUG=1",
					"$(inherited)",
					"__packed=",
					DM32,
					"HELPFILE_NAME=\\\"help/db50x.md\\\"",
					SIMULATOR,
					USE_IOS,
				);
				INFOPLIST_FILE = DB48X/Info.plist;
				INFOPLIST_KEY_CFBundleDisplayName = DB48X;
				INFOPLIST_KEY_LSApplicationCategoryType = "public.app-category.productivity";
				LD_RUNPATH_SEARCH_PATHS = (
					"$(inherited)",
					"@executable_path/Frameworks",
				);
				MARKETING_VERSION = 0.7.2;
				PRODUCT_BUNDLE_IDENTIFIER = org.dinechin.DB48X;
				PRODUCT_NAME = "$(TARGET_NAME)";
			};
			name = Debug;
		};
		1F9D29951C72B9BB000025E6 /* Release */ = {
			isa = XCBuildConfiguration;
			buildSettings = {
				ASSETCATALOG_COMPILER_APPICON_NAME = AppIcon;
				DEVELOPMENT_TEAM = N8TFZFR3PT;
				"GCC_PREPROCESSOR_DEFINITIONS[arch=*]" = (
					"__packed=",
					DM32,
					"HELPFILE_NAME=\\\"help/db50x.md\\\"",
					USE_IOS,
					SIMULATOR,
				);
				INFOPLIST_FILE = DB48X/Info.plist;
				INFOPLIST_KEY_CFBundleDisplayName = DB48X;
				INFOPLIST_KEY_LSApplicationCategoryType = "public.app-category.productivity";
				LD_RUNPATH_SEARCH_PATHS = (
					"$(inherited)",
					"@executable_path/Frameworks",
				);
				MARKETING_VERSION = 0.7.2;
				PRODUCT_BUNDLE_IDENTIFIER = org.dinechin.DB48X;
				PRODUCT_NAME = "$(TARGET_NAME)";
			};
			name = Release;
		};
		1F9D29971C72B9BB000025E6 /* Debug */ = {
			isa = XCBuildConfiguration;
			buildSettings = {
				BUNDLE_LOADER = "$(TEST_HOST)";
				INFOPLIST_FILE = DB48XTests/Info.plist;
				LD_RUNPATH_SEARCH_PATHS = (
					"$(inherited)",
					"@executable_path/Frameworks",
					"@loader_path/Frameworks",
				);
				PRODUCT_BUNDLE_IDENTIFIER = com.dinechin.DB48XTests;
				PRODUCT_NAME = "$(TARGET_NAME)";
				TEST_HOST = "$(BUILT_PRODUCTS_DIR)/DB48X.app/DB48X";
			};
			name = Debug;
		};
		1F9D29981C72B9BB000025E6 /* Release */ = {
			isa = XCBuildConfiguration;
			buildSettings = {
				BUNDLE_LOADER = "$(TEST_HOST)";
				INFOPLIST_FILE = DB48XTests/Info.plist;
				LD_RUNPATH_SEARCH_PATHS = (
					"$(inherited)",
					"@executable_path/Frameworks",
					"@loader_path/Frameworks",
				);
				PRODUCT_BUNDLE_IDENTIFIER = com.dinechin.DB48XTests;
				PRODUCT_NAME = "$(TARGET_NAME)";
				TEST_HOST = "$(BUILT_PRODUCTS_DIR)/DB48X.app/DB48X";
			};
			name = Release;
		};
		1F9D299A1C72B9BB000025E6 /* Debug */ = {
			isa = XCBuildConfiguration;
			buildSettings = {
				INFOPLIST_FILE = DB48XUITests/Info.plist;
				LD_RUNPATH_SEARCH_PATHS = (
					"$(inherited)",
					"@executable_path/Frameworks",
					"@loader_path/Frameworks",
				);
				PRODUCT_BUNDLE_IDENTIFIER = com.dinechin.DB48XUITests;
				PRODUCT_NAME = "$(TARGET_NAME)";
				TEST_TARGET_NAME = DB48X;
				USES_XCTRUNNER = YES;
			};
			name = Debug;
		};
		1F9D299B1C72B9BB000025E6 /* Release */ = {
			isa = XCBuildConfiguration;
			buildSettings = {
				INFOPLIST_FILE = DB48XUITests/Info.plist;
				LD_RUNPATH_SEARCH_PATHS = (
					"$(inherited)",
					"@executable_path/Frameworks",
					"@loader_path/Frameworks",
				);
				PRODUCT_BUNDLE_IDENTIFIER = com.dinechin.DB48XUITests;
				PRODUCT_NAME = "$(TARGET_NAME)";
				TEST_TARGET_NAME = DB48X;
				USES_XCTRUNNER = YES;
			};
			name = Release;
		};
/* End XCBuildConfiguration section */

/* Begin XCConfigurationList section */
		1F9D29611C72B9BB000025E6 /* Build configuration list for PBXProject "DB48X" */ = {
			isa = XCConfigurationList;
			buildConfigurations = (
				1F9D29911C72B9BB000025E6 /* Debug */,
				1F9D29921C72B9BB000025E6 /* Release */,
			);
			defaultConfigurationIsVisible = 0;
			defaultConfigurationName = Release;
		};
		1F9D29931C72B9BB000025E6 /* Build configuration list for PBXNativeTarget "DB48X" */ = {
			isa = XCConfigurationList;
			buildConfigurations = (
				1F9D29941C72B9BB000025E6 /* Debug */,
				1F9D29951C72B9BB000025E6 /* Release */,
			);
			defaultConfigurationIsVisible = 0;
			defaultConfigurationName = Release;
		};
		1F9D29961C72B9BB000025E6 /* Build configuration list for PBXNativeTarget "DB48XTests" */ = {
			isa = XCConfigurationList;
			buildConfigurations = (
				1F9D29971C72B9BB000025E6 /* Debug */,
				1F9D29981C72B9BB000025E6 /* Release */,
			);
			defaultConfigurationIsVisible = 0;
			defaultConfigurationName = Release;
		};
		1F9D29991C72B9BB000025E6 /* Build configuration list for PBXNativeTarget "DB48XUITests" */ = {
			isa = XCConfigurationList;
			buildConfigurations = (
				1F9D299A1C72B9BB000025E6 /* Debug */,
				1F9D299B1C72B9BB000025E6 /* Release */,
			);
			defaultConfigurationIsVisible = 0;
			defaultConfigurationName = Release;
		};
/* End XCConfigurationList section */
	};
	rootObject = 1F9D295E1C72B9BB000025E6 /* Project object */;
}
